// !$*UTF8*$!
{
	archiveVersion = 1;
	classes = {
	};
	objectVersion = 77;
	objects = {

/* Begin PBXBuildFile section */
		A0AB865E2D7457B700BEE9B2 /* Alamofire in Frameworks */ = {isa = PBXBuildFile; productRef = A0AB865D2D7457B700BEE9B2 /* Alamofire */; };
		A0AB86602D7457B700BEE9B2 /* AlamofireDynamic in Frameworks */ = {isa = PBXBuildFile; productRef = A0AB865F2D7457B700BEE9B2 /* AlamofireDynamic */; };
		A0AB86692D74846500BEE9B2 /* Alamofire in Frameworks */ = {isa = PBXBuildFile; productRef = A0AB86682D74846500BEE9B2 /* Alamofire */; };
		A0AB866B2D74846500BEE9B2 /* AlamofireDynamic in Frameworks */ = {isa = PBXBuildFile; productRef = A0AB866A2D74846500BEE9B2 /* AlamofireDynamic */; };
		A0AB866D2D74895400BEE9B2 /* Alamofire in Frameworks */ = {isa = PBXBuildFile; productRef = A0AB866C2D74895400BEE9B2 /* Alamofire */; };
		A0AB866F2D74895400BEE9B2 /* AlamofireDynamic in Frameworks */ = {isa = PBXBuildFile; productRef = A0AB866E2D74895400BEE9B2 /* AlamofireDynamic */; };
/* End PBXBuildFile section */

/* Begin PBXContainerItemProxy section */
		A0AB863D2D744E9600BEE9B2 /* PBXContainerItemProxy */ = {
			isa = PBXContainerItemProxy;
			containerPortal = A0AB861B2D744E9400BEE9B2 /* Project object */;
			proxyType = 1;
			remoteGlobalIDString = A0AB86222D744E9400BEE9B2;
			remoteInfo = Networking;
		};
		A0AB86472D744E9600BEE9B2 /* PBXContainerItemProxy */ = {
			isa = PBXContainerItemProxy;
			containerPortal = A0AB861B2D744E9400BEE9B2 /* Project object */;
			proxyType = 1;
			remoteGlobalIDString = A0AB86222D744E9400BEE9B2;
			remoteInfo = Networking;
		};
/* End PBXContainerItemProxy section */

/* Begin PBXFileReference section */
		A0AB86232D744E9400BEE9B2 /* Networking.app */ = {isa = PBXFileReference; explicitFileType = wrapper.application; includeInIndex = 0; path = Networking.app; sourceTree = BUILT_PRODUCTS_DIR; };
		A0AB863C2D744E9600BEE9B2 /* NetworkingTests.xctest */ = {isa = PBXFileReference; explicitFileType = wrapper.cfbundle; includeInIndex = 0; path = NetworkingTests.xctest; sourceTree = BUILT_PRODUCTS_DIR; };
		A0AB86462D744E9600BEE9B2 /* NetworkingUITests.xctest */ = {isa = PBXFileReference; explicitFileType = wrapper.cfbundle; includeInIndex = 0; path = NetworkingUITests.xctest; sourceTree = BUILT_PRODUCTS_DIR; };
/* End PBXFileReference section */

/* Begin PBXFileSystemSynchronizedRootGroup section */
		A0AB86252D744E9400BEE9B2 /* Networking */ = {
			isa = PBXFileSystemSynchronizedRootGroup;
			path = Networking;
			sourceTree = "<group>";
		};
		A0AB863F2D744E9600BEE9B2 /* NetworkingTests */ = {
			isa = PBXFileSystemSynchronizedRootGroup;
			path = NetworkingTests;
			sourceTree = "<group>";
		};
		A0AB86492D744E9600BEE9B2 /* NetworkingUITests */ = {
			isa = PBXFileSystemSynchronizedRootGroup;
			path = NetworkingUITests;
			sourceTree = "<group>";
		};
/* End PBXFileSystemSynchronizedRootGroup section */

/* Begin PBXFrameworksBuildPhase section */
		A0AB86202D744E9400BEE9B2 /* Frameworks */ = {
			isa = PBXFrameworksBuildPhase;
			buildActionMask = 2147483647;
			files = (
				A0AB865E2D7457B700BEE9B2 /* Alamofire in Frameworks */,
				A0AB86602D7457B700BEE9B2 /* AlamofireDynamic in Frameworks */,
			);
			runOnlyForDeploymentPostprocessing = 0;
		};
		A0AB86392D744E9600BEE9B2 /* Frameworks */ = {
			isa = PBXFrameworksBuildPhase;
			buildActionMask = 2147483647;
			files = (
				A0AB866D2D74895400BEE9B2 /* Alamofire in Frameworks */,
				A0AB866F2D74895400BEE9B2 /* AlamofireDynamic in Frameworks */,
			);
			runOnlyForDeploymentPostprocessing = 0;
		};
		A0AB86432D744E9600BEE9B2 /* Frameworks */ = {
			isa = PBXFrameworksBuildPhase;
			buildActionMask = 2147483647;
			files = (
				A0AB86692D74846500BEE9B2 /* Alamofire in Frameworks */,
				A0AB866B2D74846500BEE9B2 /* AlamofireDynamic in Frameworks */,
			);
			runOnlyForDeploymentPostprocessing = 0;
		};
/* End PBXFrameworksBuildPhase section */

/* Begin PBXGroup section */
		A0AB861A2D744E9400BEE9B2 = {
			isa = PBXGroup;
			children = (
				A0AB86252D744E9400BEE9B2 /* Networking */,
				A0AB863F2D744E9600BEE9B2 /* NetworkingTests */,
				A0AB86492D744E9600BEE9B2 /* NetworkingUITests */,
				A0AB86242D744E9400BEE9B2 /* Products */,
			);
			sourceTree = "<group>";
		};
		A0AB86242D744E9400BEE9B2 /* Products */ = {
			isa = PBXGroup;
			children = (
				A0AB86232D744E9400BEE9B2 /* Networking.app */,
				A0AB863C2D744E9600BEE9B2 /* NetworkingTests.xctest */,
				A0AB86462D744E9600BEE9B2 /* NetworkingUITests.xctest */,
			);
			name = Products;
			sourceTree = "<group>";
		};
/* End PBXGroup section */

/* Begin PBXNativeTarget section */
		A0AB86222D744E9400BEE9B2 /* Networking */ = {
			isa = PBXNativeTarget;
			buildConfigurationList = A0AB864F2D744E9600BEE9B2 /* Build configuration list for PBXNativeTarget "Networking" */;
			buildPhases = (
				A0AB861F2D744E9400BEE9B2 /* Sources */,
				A0AB86202D744E9400BEE9B2 /* Frameworks */,
				A0AB86212D744E9400BEE9B2 /* Resources */,
			);
			buildRules = (
			);
			dependencies = (
			);
			fileSystemSynchronizedGroups = (
				A0AB86252D744E9400BEE9B2 /* Networking */,
			);
			name = Networking;
			packageProductDependencies = (
				A0AB865D2D7457B700BEE9B2 /* Alamofire */,
				A0AB865F2D7457B700BEE9B2 /* AlamofireDynamic */,
			);
			productName = Networking;
			productReference = A0AB86232D744E9400BEE9B2 /* Networking.app */;
			productType = "com.apple.product-type.application";
		};
		A0AB863B2D744E9600BEE9B2 /* NetworkingTests */ = {
			isa = PBXNativeTarget;
			buildConfigurationList = A0AB86542D744E9600BEE9B2 /* Build configuration list for PBXNativeTarget "NetworkingTests" */;
			buildPhases = (
				A0AB86382D744E9600BEE9B2 /* Sources */,
				A0AB86392D744E9600BEE9B2 /* Frameworks */,
				A0AB863A2D744E9600BEE9B2 /* Resources */,
			);
			buildRules = (
			);
			dependencies = (
				A0AB863E2D744E9600BEE9B2 /* PBXTargetDependency */,
			);
			fileSystemSynchronizedGroups = (
				A0AB863F2D744E9600BEE9B2 /* NetworkingTests */,
			);
			name = NetworkingTests;
			packageProductDependencies = (
				A0AB866C2D74895400BEE9B2 /* Alamofire */,
				A0AB866E2D74895400BEE9B2 /* AlamofireDynamic */,
			);
			productName = NetworkingTests;
			productReference = A0AB863C2D744E9600BEE9B2 /* NetworkingTests.xctest */;
			productType = "com.apple.product-type.bundle.unit-test";
		};
		A0AB86452D744E9600BEE9B2 /* NetworkingUITests */ = {
			isa = PBXNativeTarget;
			buildConfigurationList = A0AB86572D744E9600BEE9B2 /* Build configuration list for PBXNativeTarget "NetworkingUITests" */;
			buildPhases = (
				A0AB86422D744E9600BEE9B2 /* Sources */,
				A0AB86432D744E9600BEE9B2 /* Frameworks */,
				A0AB86442D744E9600BEE9B2 /* Resources */,
			);
			buildRules = (
			);
			dependencies = (
				A0AB86482D744E9600BEE9B2 /* PBXTargetDependency */,
			);
			fileSystemSynchronizedGroups = (
				A0AB86492D744E9600BEE9B2 /* NetworkingUITests */,
			);
			name = NetworkingUITests;
			packageProductDependencies = (
				A0AB86682D74846500BEE9B2 /* Alamofire */,
				A0AB866A2D74846500BEE9B2 /* AlamofireDynamic */,
			);
			productName = NetworkingUITests;
			productReference = A0AB86462D744E9600BEE9B2 /* NetworkingUITests.xctest */;
			productType = "com.apple.product-type.bundle.ui-testing";
		};
/* End PBXNativeTarget section */

/* Begin PBXProject section */
		A0AB861B2D744E9400BEE9B2 /* Project object */ = {
			isa = PBXProject;
			attributes = {
				BuildIndependentTargetsInParallel = 1;
				LastSwiftUpdateCheck = 1620;
				LastUpgradeCheck = 1620;
				TargetAttributes = {
					A0AB86222D744E9400BEE9B2 = {
						CreatedOnToolsVersion = 16.2;
					};
					A0AB863B2D744E9600BEE9B2 = {
						CreatedOnToolsVersion = 16.2;
						TestTargetID = A0AB86222D744E9400BEE9B2;
					};
					A0AB86452D744E9600BEE9B2 = {
						CreatedOnToolsVersion = 16.2;
						TestTargetID = A0AB86222D744E9400BEE9B2;
					};
				};
			};
			buildConfigurationList = A0AB861E2D744E9400BEE9B2 /* Build configuration list for PBXProject "Networking" */;
			developmentRegion = en;
			hasScannedForEncodings = 0;
			knownRegions = (
				en,
				Base,
			);
			mainGroup = A0AB861A2D744E9400BEE9B2;
			minimizedProjectReferenceProxies = 1;
			packageReferences = (
				A0AB865A2D74556B00BEE9B2 /* XCRemoteSwiftPackageReference "Alamofire" */,
			);
			preferredProjectObjectVersion = 77;
			productRefGroup = A0AB86242D744E9400BEE9B2 /* Products */;
			projectDirPath = "";
			projectRoot = "";
			targets = (
				A0AB86222D744E9400BEE9B2 /* Networking */,
				A0AB863B2D744E9600BEE9B2 /* NetworkingTests */,
				A0AB86452D744E9600BEE9B2 /* NetworkingUITests */,
			);
		};
/* End PBXProject section */

/* Begin PBXResourcesBuildPhase section */
		A0AB86212D744E9400BEE9B2 /* Resources */ = {
			isa = PBXResourcesBuildPhase;
			buildActionMask = 2147483647;
			files = (
			);
			runOnlyForDeploymentPostprocessing = 0;
		};
		A0AB863A2D744E9600BEE9B2 /* Resources */ = {
			isa = PBXResourcesBuildPhase;
			buildActionMask = 2147483647;
			files = (
			);
			runOnlyForDeploymentPostprocessing = 0;
		};
		A0AB86442D744E9600BEE9B2 /* Resources */ = {
			isa = PBXResourcesBuildPhase;
			buildActionMask = 2147483647;
			files = (
			);
			runOnlyForDeploymentPostprocessing = 0;
		};
/* End PBXResourcesBuildPhase section */

/* Begin PBXSourcesBuildPhase section */
		A0AB861F2D744E9400BEE9B2 /* Sources */ = {
			isa = PBXSourcesBuildPhase;
			buildActionMask = 2147483647;
			files = (
			);
			runOnlyForDeploymentPostprocessing = 0;
		};
		A0AB86382D744E9600BEE9B2 /* Sources */ = {
			isa = PBXSourcesBuildPhase;
			buildActionMask = 2147483647;
			files = (
			);
			runOnlyForDeploymentPostprocessing = 0;
		};
		A0AB86422D744E9600BEE9B2 /* Sources */ = {
			isa = PBXSourcesBuildPhase;
			buildActionMask = 2147483647;
			files = (
			);
			runOnlyForDeploymentPostprocessing = 0;
		};
/* End PBXSourcesBuildPhase section */

/* Begin PBXTargetDependency section */
		A0AB863E2D744E9600BEE9B2 /* PBXTargetDependency */ = {
			isa = PBXTargetDependency;
			target = A0AB86222D744E9400BEE9B2 /* Networking */;
			targetProxy = A0AB863D2D744E9600BEE9B2 /* PBXContainerItemProxy */;
		};
		A0AB86482D744E9600BEE9B2 /* PBXTargetDependency */ = {
			isa = PBXTargetDependency;
			target = A0AB86222D744E9400BEE9B2 /* Networking */;
			targetProxy = A0AB86472D744E9600BEE9B2 /* PBXContainerItemProxy */;
		};
/* End PBXTargetDependency section */

/* Begin XCBuildConfiguration section */
		A0AB86502D744E9600BEE9B2 /* Debug */ = {
			isa = XCBuildConfiguration;
			buildSettings = {
				ASSETCATALOG_COMPILER_APPICON_NAME = AppIcon;
				ASSETCATALOG_COMPILER_GLOBAL_ACCENT_COLOR_NAME = AccentColor;
				CODE_SIGN_STYLE = Automatic;
				CURRENT_PROJECT_VERSION = 1;
				GENERATE_INFOPLIST_FILE = YES;
				INFOPLIST_FILE = Networking/Info.plist;
				INFOPLIST_KEY_UIApplicationSupportsIndirectInputEvents = YES;
				INFOPLIST_KEY_UILaunchStoryboardName = LaunchScreen;
				INFOPLIST_KEY_UIMainStoryboardFile = Main;
				INFOPLIST_KEY_UISupportedInterfaceOrientations_iPad = "UIInterfaceOrientationPortrait UIInterfaceOrientationPortraitUpsideDown UIInterfaceOrientationLandscapeLeft UIInterfaceOrientationLandscapeRight";
				INFOPLIST_KEY_UISupportedInterfaceOrientations_iPhone = "UIInterfaceOrientationPortrait UIInterfaceOrientationLandscapeLeft UIInterfaceOrientationLandscapeRight";
				LD_RUNPATH_SEARCH_PATHS = (
					"$(inherited)",
					"@executable_path/Frameworks",
				);
				MARKETING_VERSION = 1.0;
				PRODUCT_BUNDLE_IDENTIFIER = eduard.Networking;
				PRODUCT_NAME = "$(TARGET_NAME)";
				SWIFT_EMIT_LOC_STRINGS = YES;
				SWIFT_VERSION = 5.0;
				TARGETED_DEVICE_FAMILY = "1,2";
			};
			name = Debug;
		};
		A0AB86512D744E9600BEE9B2 /* Release */ = {
			isa = XCBuildConfiguration;
			buildSettings = {
				ASSETCATALOG_COMPILER_APPICON_NAME = AppIcon;
				ASSETCATALOG_COMPILER_GLOBAL_ACCENT_COLOR_NAME = AccentColor;
				CODE_SIGN_STYLE = Automatic;
				CURRENT_PROJECT_VERSION = 1;
				GENERATE_INFOPLIST_FILE = YES;
				INFOPLIST_FILE = Networking/Info.plist;
				INFOPLIST_KEY_UIApplicationSupportsIndirectInputEvents = YES;
				INFOPLIST_KEY_UILaunchStoryboardName = LaunchScreen;
				INFOPLIST_KEY_UIMainStoryboardFile = Main;
				INFOPLIST_KEY_UISupportedInterfaceOrientations_iPad = "UIInterfaceOrientationPortrait UIInterfaceOrientationPortraitUpsideDown UIInterfaceOrientationLandscapeLeft UIInterfaceOrientationLandscapeRight";
				INFOPLIST_KEY_UISupportedInterfaceOrientations_iPhone = "UIInterfaceOrientationPortrait UIInterfaceOrientationLandscapeLeft UIInterfaceOrientationLandscapeRight";
				LD_RUNPATH_SEARCH_PATHS = (
					"$(inherited)",
					"@executable_path/Frameworks",
				);
				MARKETING_VERSION = 1.0;
				PRODUCT_BUNDLE_IDENTIFIER = eduard.Networking;
				PRODUCT_NAME = "$(TARGET_NAME)";
				SWIFT_EMIT_LOC_STRINGS = YES;
				SWIFT_VERSION = 5.0;
				TARGETED_DEVICE_FAMILY = "1,2";
			};
			name = Release;
		};
		A0AB86522D744E9600BEE9B2 /* Debug */ = {
			isa = XCBuildConfiguration;
			buildSettings = {
				ALWAYS_SEARCH_USER_PATHS = NO;
				ASSETCATALOG_COMPILER_GENERATE_SWIFT_ASSET_SYMBOL_EXTENSIONS = YES;
				CLANG_ANALYZER_NONNULL = YES;
				CLANG_ANALYZER_NUMBER_OBJECT_CONVERSION = YES_AGGRESSIVE;
				CLANG_CXX_LANGUAGE_STANDARD = "gnu++20";
				CLANG_ENABLE_MODULES = YES;
				CLANG_ENABLE_OBJC_ARC = YES;
				CLANG_ENABLE_OBJC_WEAK = YES;
				CLANG_WARN_BLOCK_CAPTURE_AUTORELEASING = YES;
				CLANG_WARN_BOOL_CONVERSION = YES;
				CLANG_WARN_COMMA = YES;
				CLANG_WARN_CONSTANT_CONVERSION = YES;
				CLANG_WARN_DEPRECATED_OBJC_IMPLEMENTATIONS = YES;
				CLANG_WARN_DIRECT_OBJC_ISA_USAGE = YES_ERROR;
				CLANG_WARN_DOCUMENTATION_COMMENTS = YES;
				CLANG_WARN_EMPTY_BODY = YES;
				CLANG_WARN_ENUM_CONVERSION = YES;
				CLANG_WARN_INFINITE_RECURSION = YES;
				CLANG_WARN_INT_CONVERSION = YES;
				CLANG_WARN_NON_LITERAL_NULL_CONVERSION = YES;
				CLANG_WARN_OBJC_IMPLICIT_RETAIN_SELF = YES;
				CLANG_WARN_OBJC_LITERAL_CONVERSION = YES;
				CLANG_WARN_OBJC_ROOT_CLASS = YES_ERROR;
				CLANG_WARN_QUOTED_INCLUDE_IN_FRAMEWORK_HEADER = YES;
				CLANG_WARN_RANGE_LOOP_ANALYSIS = YES;
				CLANG_WARN_STRICT_PROTOTYPES = YES;
				CLANG_WARN_SUSPICIOUS_MOVE = YES;
				CLANG_WARN_UNGUARDED_AVAILABILITY = YES_AGGRESSIVE;
				CLANG_WARN_UNREACHABLE_CODE = YES;
				CLANG_WARN__DUPLICATE_METHOD_MATCH = YES;
				COPY_PHASE_STRIP = NO;
				DEBUG_INFORMATION_FORMAT = dwarf;
				ENABLE_STRICT_OBJC_MSGSEND = YES;
				ENABLE_TESTABILITY = YES;
				ENABLE_USER_SCRIPT_SANDBOXING = YES;
				GCC_C_LANGUAGE_STANDARD = gnu17;
				GCC_DYNAMIC_NO_PIC = NO;
				GCC_NO_COMMON_BLOCKS = YES;
				GCC_OPTIMIZATION_LEVEL = 0;
				GCC_PREPROCESSOR_DEFINITIONS = (
					"DEBUG=1",
					"$(inherited)",
				);
				GCC_WARN_64_TO_32_BIT_CONVERSION = YES;
				GCC_WARN_ABOUT_RETURN_TYPE = YES_ERROR;
				GCC_WARN_UNDECLARED_SELECTOR = YES;
				GCC_WARN_UNINITIALIZED_AUTOS = YES_AGGRESSIVE;
				GCC_WARN_UNUSED_FUNCTION = YES;
				GCC_WARN_UNUSED_VARIABLE = YES;
				IPHONEOS_DEPLOYMENT_TARGET = 18.2;
				LOCALIZATION_PREFERS_STRING_CATALOGS = YES;
				MTL_ENABLE_DEBUG_INFO = INCLUDE_SOURCE;
				MTL_FAST_MATH = YES;
				ONLY_ACTIVE_ARCH = YES;
				SDKROOT = iphoneos;
				SWIFT_ACTIVE_COMPILATION_CONDITIONS = "DEBUG $(inherited)";
				SWIFT_OPTIMIZATION_LEVEL = "-Onone";
			};
			name = Debug;
		};
		A0AB86532D744E9600BEE9B2 /* Release */ = {
			isa = XCBuildConfiguration;
			buildSettings = {
				ALWAYS_SEARCH_USER_PATHS = NO;
				ASSETCATALOG_COMPILER_GENERATE_SWIFT_ASSET_SYMBOL_EXTENSIONS = YES;
				CLANG_ANALYZER_NONNULL = YES;
				CLANG_ANALYZER_NUMBER_OBJECT_CONVERSION = YES_AGGRESSIVE;
				CLANG_CXX_LANGUAGE_STANDARD = "gnu++20";
				CLANG_ENABLE_MODULES = YES;
				CLANG_ENABLE_OBJC_ARC = YES;
				CLANG_ENABLE_OBJC_WEAK = YES;
				CLANG_WARN_BLOCK_CAPTURE_AUTORELEASING = YES;
				CLANG_WARN_BOOL_CONVERSION = YES;
				CLANG_WARN_COMMA = YES;
				CLANG_WARN_CONSTANT_CONVERSION = YES;
				CLANG_WARN_DEPRECATED_OBJC_IMPLEMENTATIONS = YES;
				CLANG_WARN_DIRECT_OBJC_ISA_USAGE = YES_ERROR;
				CLANG_WARN_DOCUMENTATION_COMMENTS = YES;
				CLANG_WARN_EMPTY_BODY = YES;
				CLANG_WARN_ENUM_CONVERSION = YES;
				CLANG_WARN_INFINITE_RECURSION = YES;
				CLANG_WARN_INT_CONVERSION = YES;
				CLANG_WARN_NON_LITERAL_NULL_CONVERSION = YES;
				CLANG_WARN_OBJC_IMPLICIT_RETAIN_SELF = YES;
				CLANG_WARN_OBJC_LITERAL_CONVERSION = YES;
				CLANG_WARN_OBJC_ROOT_CLASS = YES_ERROR;
				CLANG_WARN_QUOTED_INCLUDE_IN_FRAMEWORK_HEADER = YES;
				CLANG_WARN_RANGE_LOOP_ANALYSIS = YES;
				CLANG_WARN_STRICT_PROTOTYPES = YES;
				CLANG_WARN_SUSPICIOUS_MOVE = YES;
				CLANG_WARN_UNGUARDED_AVAILABILITY = YES_AGGRESSIVE;
				CLANG_WARN_UNREACHABLE_CODE = YES;
				CLANG_WARN__DUPLICATE_METHOD_MATCH = YES;
				COPY_PHASE_STRIP = NO;
				DEBUG_INFORMATION_FORMAT = "dwarf-with-dsym";
				ENABLE_NS_ASSERTIONS = NO;
				ENABLE_STRICT_OBJC_MSGSEND = YES;
				ENABLE_USER_SCRIPT_SANDBOXING = YES;
				GCC_C_LANGUAGE_STANDARD = gnu17;
				GCC_NO_COMMON_BLOCKS = YES;
				GCC_WARN_64_TO_32_BIT_CONVERSION = YES;
				GCC_WARN_ABOUT_RETURN_TYPE = YES_ERROR;
				GCC_WARN_UNDECLARED_SELECTOR = YES;
				GCC_WARN_UNINITIALIZED_AUTOS = YES_AGGRESSIVE;
				GCC_WARN_UNUSED_FUNCTION = YES;
				GCC_WARN_UNUSED_VARIABLE = YES;
				IPHONEOS_DEPLOYMENT_TARGET = 18.2;
				LOCALIZATION_PREFERS_STRING_CATALOGS = YES;
				MTL_ENABLE_DEBUG_INFO = NO;
				MTL_FAST_MATH = YES;
				SDKROOT = iphoneos;
				SWIFT_COMPILATION_MODE = wholemodule;
				VALIDATE_PRODUCT = YES;
			};
			name = Release;
		};
		A0AB86552D744E9600BEE9B2 /* Debug */ = {
			isa = XCBuildConfiguration;
			buildSettings = {
				BUNDLE_LOADER = "$(TEST_HOST)";
				CODE_SIGN_STYLE = Automatic;
				CURRENT_PROJECT_VERSION = 1;
				GENERATE_INFOPLIST_FILE = YES;
				IPHONEOS_DEPLOYMENT_TARGET = 18.2;
				MARKETING_VERSION = 1.0;
				PRODUCT_BUNDLE_IDENTIFIER = eduard.NetworkingTests;
				PRODUCT_NAME = "$(TARGET_NAME)";
				SWIFT_EMIT_LOC_STRINGS = NO;
				SWIFT_VERSION = 5.0;
				TARGETED_DEVICE_FAMILY = "1,2";
				TEST_HOST = "$(BUILT_PRODUCTS_DIR)/Networking.app/$(BUNDLE_EXECUTABLE_FOLDER_PATH)/Networking";
			};
			name = Debug;
		};
		A0AB86562D744E9600BEE9B2 /* Release */ = {
			isa = XCBuildConfiguration;
			buildSettings = {
				BUNDLE_LOADER = "$(TEST_HOST)";
				CODE_SIGN_STYLE = Automatic;
				CURRENT_PROJECT_VERSION = 1;
				GENERATE_INFOPLIST_FILE = YES;
				IPHONEOS_DEPLOYMENT_TARGET = 18.2;
				MARKETING_VERSION = 1.0;
				PRODUCT_BUNDLE_IDENTIFIER = eduard.NetworkingTests;
				PRODUCT_NAME = "$(TARGET_NAME)";
				SWIFT_EMIT_LOC_STRINGS = NO;
				SWIFT_VERSION = 5.0;
				TARGETED_DEVICE_FAMILY = "1,2";
				TEST_HOST = "$(BUILT_PRODUCTS_DIR)/Networking.app/$(BUNDLE_EXECUTABLE_FOLDER_PATH)/Networking";
			};
			name = Release;
		};
		A0AB86582D744E9600BEE9B2 /* Debug */ = {
			isa = XCBuildConfiguration;
			buildSettings = {
				CODE_SIGN_STYLE = Automatic;
				CURRENT_PROJECT_VERSION = 1;
				GENERATE_INFOPLIST_FILE = YES;
				MARKETING_VERSION = 1.0;
				PRODUCT_BUNDLE_IDENTIFIER = eduard.NetworkingUITests;
				PRODUCT_NAME = "$(TARGET_NAME)";
				SWIFT_EMIT_LOC_STRINGS = NO;
				SWIFT_VERSION = 5.0;
				TARGETED_DEVICE_FAMILY = "1,2";
				TEST_TARGET_NAME = Networking;
			};
			name = Debug;
		};
		A0AB86592D744E9600BEE9B2 /* Release */ = {
			isa = XCBuildConfiguration;
			buildSettings = {
				CODE_SIGN_STYLE = Automatic;
				CURRENT_PROJECT_VERSION = 1;
				GENERATE_INFOPLIST_FILE = YES;
				MARKETING_VERSION = 1.0;
				PRODUCT_BUNDLE_IDENTIFIER = eduard.NetworkingUITests;
				PRODUCT_NAME = "$(TARGET_NAME)";
				SWIFT_EMIT_LOC_STRINGS = NO;
				SWIFT_VERSION = 5.0;
				TARGETED_DEVICE_FAMILY = "1,2";
				TEST_TARGET_NAME = Networking;
			};
			name = Release;
		};
/* End XCBuildConfiguration section */

/* Begin XCConfigurationList section */
		A0AB861E2D744E9400BEE9B2 /* Build configuration list for PBXProject "Networking" */ = {
			isa = XCConfigurationList;
			buildConfigurations = (
				A0AB86522D744E9600BEE9B2 /* Debug */,
				A0AB86532D744E9600BEE9B2 /* Release */,
			);
			defaultConfigurationIsVisible = 0;
			defaultConfigurationName = Release;
		};
		A0AB864F2D744E9600BEE9B2 /* Build configuration list for PBXNativeTarget "Networking" */ = {
			isa = XCConfigurationList;
			buildConfigurations = (
				A0AB86502D744E9600BEE9B2 /* Debug */,
				A0AB86512D744E9600BEE9B2 /* Release */,
			);
			defaultConfigurationIsVisible = 0;
			defaultConfigurationName = Release;
		};
		A0AB86542D744E9600BEE9B2 /* Build configuration list for PBXNativeTarget "NetworkingTests" */ = {
			isa = XCConfigurationList;
			buildConfigurations = (
				A0AB86552D744E9600BEE9B2 /* Debug */,
				A0AB86562D744E9600BEE9B2 /* Release */,
			);
			defaultConfigurationIsVisible = 0;
			defaultConfigurationName = Release;
		};
		A0AB86572D744E9600BEE9B2 /* Build configuration list for PBXNativeTarget "NetworkingUITests" */ = {
			isa = XCConfigurationList;
			buildConfigurations = (
				A0AB86582D744E9600BEE9B2 /* Debug */,
				A0AB86592D744E9600BEE9B2 /* Release */,
			);
			defaultConfigurationIsVisible = 0;
			defaultConfigurationName = Release;
		};
/* End XCConfigurationList section */

/* Begin XCRemoteSwiftPackageReference section */
		A0AB865A2D74556B00BEE9B2 /* XCRemoteSwiftPackageReference "Alamofire" */ = {
			isa = XCRemoteSwiftPackageReference;
			repositoryURL = "https://github.com/Alamofire/Alamofire.git";
			requirement = {
				kind = upToNextMajorVersion;
				minimumVersion = 5.10.2;
			};
		};
/* End XCRemoteSwiftPackageReference section */

/* Begin XCSwiftPackageProductDependency section */
		A0AB865D2D7457B700BEE9B2 /* Alamofire */ = {
			isa = XCSwiftPackageProductDependency;
			package = A0AB865A2D74556B00BEE9B2 /* XCRemoteSwiftPackageReference "Alamofire" */;
			productName = Alamofire;
		};
		A0AB865F2D7457B700BEE9B2 /* AlamofireDynamic */ = {
			isa = XCSwiftPackageProductDependency;
			package = A0AB865A2D74556B00BEE9B2 /* XCRemoteSwiftPackageReference "Alamofire" */;
			productName = AlamofireDynamic;
		};
		A0AB86682D74846500BEE9B2 /* Alamofire */ = {
			isa = XCSwiftPackageProductDependency;
			package = A0AB865A2D74556B00BEE9B2 /* XCRemoteSwiftPackageReference "Alamofire" */;
			productName = Alamofire;
		};
		A0AB866A2D74846500BEE9B2 /* AlamofireDynamic */ = {
			isa = XCSwiftPackageProductDependency;
			package = A0AB865A2D74556B00BEE9B2 /* XCRemoteSwiftPackageReference "Alamofire" */;
			productName = AlamofireDynamic;
		};
		A0AB866C2D74895400BEE9B2 /* Alamofire */ = {
			isa = XCSwiftPackageProductDependency;
			package = A0AB865A2D74556B00BEE9B2 /* XCRemoteSwiftPackageReference "Alamofire" */;
			productName = Alamofire;
		};
		A0AB866E2D74895400BEE9B2 /* AlamofireDynamic */ = {
			isa = XCSwiftPackageProductDependency;
			package = A0AB865A2D74556B00BEE9B2 /* XCRemoteSwiftPackageReference "Alamofire" */;
			productName = AlamofireDynamic;
		};
/* End XCSwiftPackageProductDependency section */
	};
	rootObject = A0AB861B2D744E9400BEE9B2 /* Project object */;
}
