// !$*UTF8*$!
{
	archiveVersion = 1;
	classes = {
	};
	objectVersion = 77;
	objects = {

/* Begin PBXContainerItemProxy section */
		A0B043572D5513BC000382E0 /* PBXContainerItemProxy */ = {
			isa = PBXContainerItemProxy;
			containerPortal = A0B043382D5513BA000382E0 /* Project object */;
			proxyType = 1;
			remoteGlobalIDString = A0B0433F2D5513BA000382E0;
			remoteInfo = Secc13Introduccion;
		};
		A0B043612D5513BC000382E0 /* PBXContainerItemProxy */ = {
			isa = PBXContainerItemProxy;
			containerPortal = A0B043382D5513BA000382E0 /* Project object */;
			proxyType = 1;
			remoteGlobalIDString = A0B0433F2D5513BA000382E0;
			remoteInfo = Secc13Introduccion;
		};
/* End PBXContainerItemProxy section */

/* Begin PBXFileReference section */
		A0B043402D5513BA000382E0 /* Secc13Introduccion.app */ = {isa = PBXFileReference; explicitFileType = wrapper.application; includeInIndex = 0; path = Secc13Introduccion.app; sourceTree = BUILT_PRODUCTS_DIR; };
		A0B043562D5513BC000382E0 /* Secc13IntroduccionTests.xctest */ = {isa = PBXFileReference; explicitFileType = wrapper.cfbundle; includeInIndex = 0; path = Secc13IntroduccionTests.xctest; sourceTree = BUILT_PRODUCTS_DIR; };
		A0B043602D5513BC000382E0 /* Secc13IntroduccionUITests.xctest */ = {isa = PBXFileReference; explicitFileType = wrapper.cfbundle; includeInIndex = 0; path = Secc13IntroduccionUITests.xctest; sourceTree = BUILT_PRODUCTS_DIR; };
/* End PBXFileReference section */

/* Begin PBXFileSystemSynchronizedBuildFileExceptionSet section */
		A0B043682D5513BC000382E0 /* Exceptions for "Secc13Introduccion" folder in "Secc13Introduccion" target */ = {
			isa = PBXFileSystemSynchronizedBuildFileExceptionSet;
			membershipExceptions = (
				Info.plist,
			);
			target = A0B0433F2D5513BA000382E0 /* Secc13Introduccion */;
		};
/* End PBXFileSystemSynchronizedBuildFileExceptionSet section */

/* Begin PBXFileSystemSynchronizedRootGroup section */
		A0B043422D5513BA000382E0 /* Secc13Introduccion */ = {
			isa = PBXFileSystemSynchronizedRootGroup;
			exceptions = (
				A0B043682D5513BC000382E0 /* Exceptions for "Secc13Introduccion" folder in "Secc13Introduccion" target */,
			);
			path = Secc13Introduccion;
			sourceTree = "<group>";
		};
		A0B043592D5513BC000382E0 /* Secc13IntroduccionTests */ = {
			isa = PBXFileSystemSynchronizedRootGroup;
			path = Secc13IntroduccionTests;
			sourceTree = "<group>";
		};
		A0B043632D5513BC000382E0 /* Secc13IntroduccionUITests */ = {
			isa = PBXFileSystemSynchronizedRootGroup;
			path = Secc13IntroduccionUITests;
			sourceTree = "<group>";
		};
/* End PBXFileSystemSynchronizedRootGroup section */

/* Begin PBXFrameworksBuildPhase section */
		A0B0433D2D5513BA000382E0 /* Frameworks */ = {
			isa = PBXFrameworksBuildPhase;
			buildActionMask = 2147483647;
			files = (
			);
			runOnlyForDeploymentPostprocessing = 0;
		};
		A0B043532D5513BC000382E0 /* Frameworks */ = {
			isa = PBXFrameworksBuildPhase;
			buildActionMask = 2147483647;
			files = (
			);
			runOnlyForDeploymentPostprocessing = 0;
		};
		A0B0435D2D5513BC000382E0 /* Frameworks */ = {
			isa = PBXFrameworksBuildPhase;
			buildActionMask = 2147483647;
			files = (
			);
			runOnlyForDeploymentPostprocessing = 0;
		};
/* End PBXFrameworksBuildPhase section */

/* Begin PBXGroup section */
		A0B043372D5513BA000382E0 = {
			isa = PBXGroup;
			children = (
				A0B043422D5513BA000382E0 /* Secc13Introduccion */,
				A0B043592D5513BC000382E0 /* Secc13IntroduccionTests */,
				A0B043632D5513BC000382E0 /* Secc13IntroduccionUITests */,
				A0B043412D5513BA000382E0 /* Products */,
			);
			sourceTree = "<group>";
		};
		A0B043412D5513BA000382E0 /* Products */ = {
			isa = PBXGroup;
			children = (
				A0B043402D5513BA000382E0 /* Secc13Introduccion.app */,
				A0B043562D5513BC000382E0 /* Secc13IntroduccionTests.xctest */,
				A0B043602D5513BC000382E0 /* Secc13IntroduccionUITests.xctest */,
			);
			name = Products;
			sourceTree = "<group>";
		};
/* End PBXGroup section */

/* Begin PBXNativeTarget section */
		A0B0433F2D5513BA000382E0 /* Secc13Introduccion */ = {
			isa = PBXNativeTarget;
			buildConfigurationList = A0B043692D5513BC000382E0 /* Build configuration list for PBXNativeTarget "Secc13Introduccion" */;
			buildPhases = (
				A0B0433C2D5513BA000382E0 /* Sources */,
				A0B0433D2D5513BA000382E0 /* Frameworks */,
				A0B0433E2D5513BA000382E0 /* Resources */,
			);
			buildRules = (
			);
			dependencies = (
			);
			fileSystemSynchronizedGroups = (
				A0B043422D5513BA000382E0 /* Secc13Introduccion */,
			);
			name = Secc13Introduccion;
			packageProductDependencies = (
			);
			productName = Secc13Introduccion;
			productReference = A0B043402D5513BA000382E0 /* Secc13Introduccion.app */;
			productType = "com.apple.product-type.application";
		};
		A0B043552D5513BC000382E0 /* Secc13IntroduccionTests */ = {
			isa = PBXNativeTarget;
			buildConfigurationList = A0B0436E2D5513BC000382E0 /* Build configuration list for PBXNativeTarget "Secc13IntroduccionTests" */;
			buildPhases = (
				A0B043522D5513BC000382E0 /* Sources */,
				A0B043532D5513BC000382E0 /* Frameworks */,
				A0B043542D5513BC000382E0 /* Resources */,
			);
			buildRules = (
			);
			dependencies = (
				A0B043582D5513BC000382E0 /* PBXTargetDependency */,
			);
			fileSystemSynchronizedGroups = (
				A0B043592D5513BC000382E0 /* Secc13IntroduccionTests */,
			);
			name = Secc13IntroduccionTests;
			packageProductDependencies = (
			);
			productName = Secc13IntroduccionTests;
			productReference = A0B043562D5513BC000382E0 /* Secc13IntroduccionTests.xctest */;
			productType = "com.apple.product-type.bundle.unit-test";
		};
		A0B0435F2D5513BC000382E0 /* Secc13IntroduccionUITests */ = {
			isa = PBXNativeTarget;
			buildConfigurationList = A0B043712D5513BC000382E0 /* Build configuration list for PBXNativeTarget "Secc13IntroduccionUITests" */;
			buildPhases = (
				A0B0435C2D5513BC000382E0 /* Sources */,
				A0B0435D2D5513BC000382E0 /* Frameworks */,
				A0B0435E2D5513BC000382E0 /* Resources */,
			);
			buildRules = (
			);
			dependencies = (
				A0B043622D5513BC000382E0 /* PBXTargetDependency */,
			);
			fileSystemSynchronizedGroups = (
				A0B043632D5513BC000382E0 /* Secc13IntroduccionUITests */,
			);
			name = Secc13IntroduccionUITests;
			packageProductDependencies = (
			);
			productName = Secc13IntroduccionUITests;
			productReference = A0B043602D5513BC000382E0 /* Secc13IntroduccionUITests.xctest */;
			productType = "com.apple.product-type.bundle.ui-testing";
		};
/* End PBXNativeTarget section */

/* Begin PBXProject section */
		A0B043382D5513BA000382E0 /* Project object */ = {
			isa = PBXProject;
			attributes = {
				BuildIndependentTargetsInParallel = 1;
				LastSwiftUpdateCheck = 1620;
				LastUpgradeCheck = 1620;
				TargetAttributes = {
					A0B0433F2D5513BA000382E0 = {
						CreatedOnToolsVersion = 16.2;
					};
					A0B043552D5513BC000382E0 = {
						CreatedOnToolsVersion = 16.2;
						TestTargetID = A0B0433F2D5513BA000382E0;
					};
					A0B0435F2D5513BC000382E0 = {
						CreatedOnToolsVersion = 16.2;
						TestTargetID = A0B0433F2D5513BA000382E0;
					};
				};
			};
			buildConfigurationList = A0B0433B2D5513BA000382E0 /* Build configuration list for PBXProject "Secc13Introduccion" */;
			developmentRegion = en;
			hasScannedForEncodings = 0;
			knownRegions = (
				en,
				Base,
			);
			mainGroup = A0B043372D5513BA000382E0;
			minimizedProjectReferenceProxies = 1;
			preferredProjectObjectVersion = 77;
			productRefGroup = A0B043412D5513BA000382E0 /* Products */;
			projectDirPath = "";
			projectRoot = "";
			targets = (
				A0B0433F2D5513BA000382E0 /* Secc13Introduccion */,
				A0B043552D5513BC000382E0 /* Secc13IntroduccionTests */,
				A0B0435F2D5513BC000382E0 /* Secc13IntroduccionUITests */,
			);
		};
/* End PBXProject section */

/* Begin PBXResourcesBuildPhase section */
		A0B0433E2D5513BA000382E0 /* Resources */ = {
			isa = PBXResourcesBuildPhase;
			buildActionMask = 2147483647;
			files = (
			);
			runOnlyForDeploymentPostprocessing = 0;
		};
		A0B043542D5513BC000382E0 /* Resources */ = {
			isa = PBXResourcesBuildPhase;
			buildActionMask = 2147483647;
			files = (
			);
			runOnlyForDeploymentPostprocessing = 0;
		};
		A0B0435E2D5513BC000382E0 /* Resources */ = {
			isa = PBXResourcesBuildPhase;
			buildActionMask = 2147483647;
			files = (
			);
			runOnlyForDeploymentPostprocessing = 0;
		};
/* End PBXResourcesBuildPhase section */

/* Begin PBXSourcesBuildPhase section */
		A0B0433C2D5513BA000382E0 /* Sources */ = {
			isa = PBXSourcesBuildPhase;
			buildActionMask = 2147483647;
			files = (
			);
			runOnlyForDeploymentPostprocessing = 0;
		};
		A0B043522D5513BC000382E0 /* Sources */ = {
			isa = PBXSourcesBuildPhase;
			buildActionMask = 2147483647;
			files = (
			);
			runOnlyForDeploymentPostprocessing = 0;
		};
		A0B0435C2D5513BC000382E0 /* Sources */ = {
			isa = PBXSourcesBuildPhase;
			buildActionMask = 2147483647;
			files = (
			);
			runOnlyForDeploymentPostprocessing = 0;
		};
/* End PBXSourcesBuildPhase section */

/* Begin PBXTargetDependency section */
		A0B043582D5513BC000382E0 /* PBXTargetDependency */ = {
			isa = PBXTargetDependency;
			target = A0B0433F2D5513BA000382E0 /* Secc13Introduccion */;
			targetProxy = A0B043572D5513BC000382E0 /* PBXContainerItemProxy */;
		};
		A0B043622D5513BC000382E0 /* PBXTargetDependency */ = {
			isa = PBXTargetDependency;
			target = A0B0433F2D5513BA000382E0 /* Secc13Introduccion */;
			targetProxy = A0B043612D5513BC000382E0 /* PBXContainerItemProxy */;
		};
/* End PBXTargetDependency section */

/* Begin XCBuildConfiguration section */
		A0B0436A2D5513BC000382E0 /* Debug */ = {
			isa = XCBuildConfiguration;
			buildSettings = {
				ASSETCATALOG_COMPILER_APPICON_NAME = AppIcon;
				ASSETCATALOG_COMPILER_GLOBAL_ACCENT_COLOR_NAME = AccentColor;
				CODE_SIGN_STYLE = Automatic;
				CURRENT_PROJECT_VERSION = 1;
				GENERATE_INFOPLIST_FILE = YES;
				INFOPLIST_FILE = Secc13Introduccion/Info.plist;
				INFOPLIST_KEY_UIApplicationSupportsIndirectInputEvents = YES;
				INFOPLIST_KEY_UILaunchStoryboardName = LaunchScreen;
				INFOPLIST_KEY_UIMainStoryboardFile = Main;
				INFOPLIST_KEY_UISupportedInterfaceOrientations_iPad = "UIInterfaceOrientationPortrait UIInterfaceOrientationPortraitUpsideDown UIInterfaceOrientationLandscapeLeft UIInterfaceOrientationLandscapeRight";
				INFOPLIST_KEY_UISupportedInterfaceOrientations_iPhone = "UIInterfaceOrientationPortrait UIInterfaceOrientationLandscapeLeft UIInterfaceOrientationLandscapeRight";
				LD_RUNPATH_SEARCH_PATHS = (
					"$(inherited)",
					"@executable_path/Frameworks",
				);
				MARKETING_VERSION = 1.0;
				PRODUCT_BUNDLE_IDENTIFIER = eduard.Secc13Introduccion;
				PRODUCT_NAME = "$(TARGET_NAME)";
				SWIFT_EMIT_LOC_STRINGS = YES;
				SWIFT_VERSION = 5.0;
				TARGETED_DEVICE_FAMILY = "1,2";
			};
			name = Debug;
		};
		A0B0436B2D5513BC000382E0 /* Release */ = {
			isa = XCBuildConfiguration;
			buildSettings = {
				ASSETCATALOG_COMPILER_APPICON_NAME = AppIcon;
				ASSETCATALOG_COMPILER_GLOBAL_ACCENT_COLOR_NAME = AccentColor;
				CODE_SIGN_STYLE = Automatic;
				CURRENT_PROJECT_VERSION = 1;
				GENERATE_INFOPLIST_FILE = YES;
				INFOPLIST_FILE = Secc13Introduccion/Info.plist;
				INFOPLIST_KEY_UIApplicationSupportsIndirectInputEvents = YES;
				INFOPLIST_KEY_UILaunchStoryboardName = LaunchScreen;
				INFOPLIST_KEY_UIMainStoryboardFile = Main;
				INFOPLIST_KEY_UISupportedInterfaceOrientations_iPad = "UIInterfaceOrientationPortrait UIInterfaceOrientationPortraitUpsideDown UIInterfaceOrientationLandscapeLeft UIInterfaceOrientationLandscapeRight";
				INFOPLIST_KEY_UISupportedInterfaceOrientations_iPhone = "UIInterfaceOrientationPortrait UIInterfaceOrientationLandscapeLeft UIInterfaceOrientationLandscapeRight";
				LD_RUNPATH_SEARCH_PATHS = (
					"$(inherited)",
					"@executable_path/Frameworks",
				);
				MARKETING_VERSION = 1.0;
				PRODUCT_BUNDLE_IDENTIFIER = eduard.Secc13Introduccion;
				PRODUCT_NAME = "$(TARGET_NAME)";
				SWIFT_EMIT_LOC_STRINGS = YES;
				SWIFT_VERSION = 5.0;
				TARGETED_DEVICE_FAMILY = "1,2";
			};
			name = Release;
		};
		A0B0436C2D5513BC000382E0 /* Debug */ = {
			isa = XCBuildConfiguration;
			buildSettings = {
				ALWAYS_SEARCH_USER_PATHS = NO;
				ASSETCATALOG_COMPILER_GENERATE_SWIFT_ASSET_SYMBOL_EXTENSIONS = YES;
				CLANG_ANALYZER_NONNULL = YES;
				CLANG_ANALYZER_NUMBER_OBJECT_CONVERSION = YES_AGGRESSIVE;
				CLANG_CXX_LANGUAGE_STANDARD = "gnu++20";
				CLANG_ENABLE_MODULES = YES;
				CLANG_ENABLE_OBJC_ARC = YES;
				CLANG_ENABLE_OBJC_WEAK = YES;
				CLANG_WARN_BLOCK_CAPTURE_AUTORELEASING = YES;
				CLANG_WARN_BOOL_CONVERSION = YES;
				CLANG_WARN_COMMA = YES;
				CLANG_WARN_CONSTANT_CONVERSION = YES;
				CLANG_WARN_DEPRECATED_OBJC_IMPLEMENTATIONS = YES;
				CLANG_WARN_DIRECT_OBJC_ISA_USAGE = YES_ERROR;
				CLANG_WARN_DOCUMENTATION_COMMENTS = YES;
				CLANG_WARN_EMPTY_BODY = YES;
				CLANG_WARN_ENUM_CONVERSION = YES;
				CLANG_WARN_INFINITE_RECURSION = YES;
				CLANG_WARN_INT_CONVERSION = YES;
				CLANG_WARN_NON_LITERAL_NULL_CONVERSION = YES;
				CLANG_WARN_OBJC_IMPLICIT_RETAIN_SELF = YES;
				CLANG_WARN_OBJC_LITERAL_CONVERSION = YES;
				CLANG_WARN_OBJC_ROOT_CLASS = YES_ERROR;
				CLANG_WARN_QUOTED_INCLUDE_IN_FRAMEWORK_HEADER = YES;
				CLANG_WARN_RANGE_LOOP_ANALYSIS = YES;
				CLANG_WARN_STRICT_PROTOTYPES = YES;
				CLANG_WARN_SUSPICIOUS_MOVE = YES;
				CLANG_WARN_UNGUARDED_AVAILABILITY = YES_AGGRESSIVE;
				CLANG_WARN_UNREACHABLE_CODE = YES;
				CLANG_WARN__DUPLICATE_METHOD_MATCH = YES;
				COPY_PHASE_STRIP = NO;
				DEBUG_INFORMATION_FORMAT = dwarf;
				ENABLE_STRICT_OBJC_MSGSEND = YES;
				ENABLE_TESTABILITY = YES;
				ENABLE_USER_SCRIPT_SANDBOXING = YES;
				GCC_C_LANGUAGE_STANDARD = gnu17;
				GCC_DYNAMIC_NO_PIC = NO;
				GCC_NO_COMMON_BLOCKS = YES;
				GCC_OPTIMIZATION_LEVEL = 0;
				GCC_PREPROCESSOR_DEFINITIONS = (
					"DEBUG=1",
					"$(inherited)",
				);
				GCC_WARN_64_TO_32_BIT_CONVERSION = YES;
				GCC_WARN_ABOUT_RETURN_TYPE = YES_ERROR;
				GCC_WARN_UNDECLARED_SELECTOR = YES;
				GCC_WARN_UNINITIALIZED_AUTOS = YES_AGGRESSIVE;
				GCC_WARN_UNUSED_FUNCTION = YES;
				GCC_WARN_UNUSED_VARIABLE = YES;
				IPHONEOS_DEPLOYMENT_TARGET = 18.2;
				LOCALIZATION_PREFERS_STRING_CATALOGS = YES;
				MTL_ENABLE_DEBUG_INFO = INCLUDE_SOURCE;
				MTL_FAST_MATH = YES;
				ONLY_ACTIVE_ARCH = YES;
				SDKROOT = iphoneos;
				SWIFT_ACTIVE_COMPILATION_CONDITIONS = "DEBUG $(inherited)";
				SWIFT_OPTIMIZATION_LEVEL = "-Onone";
			};
			name = Debug;
		};
		A0B0436D2D5513BC000382E0 /* Release */ = {
			isa = XCBuildConfiguration;
			buildSettings = {
				ALWAYS_SEARCH_USER_PATHS = NO;
				ASSETCATALOG_COMPILER_GENERATE_SWIFT_ASSET_SYMBOL_EXTENSIONS = YES;
				CLANG_ANALYZER_NONNULL = YES;
				CLANG_ANALYZER_NUMBER_OBJECT_CONVERSION = YES_AGGRESSIVE;
				CLANG_CXX_LANGUAGE_STANDARD = "gnu++20";
				CLANG_ENABLE_MODULES = YES;
				CLANG_ENABLE_OBJC_ARC = YES;
				CLANG_ENABLE_OBJC_WEAK = YES;
				CLANG_WARN_BLOCK_CAPTURE_AUTORELEASING = YES;
				CLANG_WARN_BOOL_CONVERSION = YES;
				CLANG_WARN_COMMA = YES;
				CLANG_WARN_CONSTANT_CONVERSION = YES;
				CLANG_WARN_DEPRECATED_OBJC_IMPLEMENTATIONS = YES;
				CLANG_WARN_DIRECT_OBJC_ISA_USAGE = YES_ERROR;
				CLANG_WARN_DOCUMENTATION_COMMENTS = YES;
				CLANG_WARN_EMPTY_BODY = YES;
				CLANG_WARN_ENUM_CONVERSION = YES;
				CLANG_WARN_INFINITE_RECURSION = YES;
				CLANG_WARN_INT_CONVERSION = YES;
				CLANG_WARN_NON_LITERAL_NULL_CONVERSION = YES;
				CLANG_WARN_OBJC_IMPLICIT_RETAIN_SELF = YES;
				CLANG_WARN_OBJC_LITERAL_CONVERSION = YES;
				CLANG_WARN_OBJC_ROOT_CLASS = YES_ERROR;
				CLANG_WARN_QUOTED_INCLUDE_IN_FRAMEWORK_HEADER = YES;
				CLANG_WARN_RANGE_LOOP_ANALYSIS = YES;
				CLANG_WARN_STRICT_PROTOTYPES = YES;
				CLANG_WARN_SUSPICIOUS_MOVE = YES;
				CLANG_WARN_UNGUARDED_AVAILABILITY = YES_AGGRESSIVE;
				CLANG_WARN_UNREACHABLE_CODE = YES;
				CLANG_WARN__DUPLICATE_METHOD_MATCH = YES;
				COPY_PHASE_STRIP = NO;
				DEBUG_INFORMATION_FORMAT = "dwarf-with-dsym";
				ENABLE_NS_ASSERTIONS = NO;
				ENABLE_STRICT_OBJC_MSGSEND = YES;
				ENABLE_USER_SCRIPT_SANDBOXING = YES;
				GCC_C_LANGUAGE_STANDARD = gnu17;
				GCC_NO_COMMON_BLOCKS = YES;
				GCC_WARN_64_TO_32_BIT_CONVERSION = YES;
				GCC_WARN_ABOUT_RETURN_TYPE = YES_ERROR;
				GCC_WARN_UNDECLARED_SELECTOR = YES;
				GCC_WARN_UNINITIALIZED_AUTOS = YES_AGGRESSIVE;
				GCC_WARN_UNUSED_FUNCTION = YES;
				GCC_WARN_UNUSED_VARIABLE = YES;
				IPHONEOS_DEPLOYMENT_TARGET = 18.2;
				LOCALIZATION_PREFERS_STRING_CATALOGS = YES;
				MTL_ENABLE_DEBUG_INFO = NO;
				MTL_FAST_MATH = YES;
				SDKROOT = iphoneos;
				SWIFT_COMPILATION_MODE = wholemodule;
				VALIDATE_PRODUCT = YES;
			};
			name = Release;
		};
		A0B0436F2D5513BC000382E0 /* Debug */ = {
			isa = XCBuildConfiguration;
			buildSettings = {
				BUNDLE_LOADER = "$(TEST_HOST)";
				CODE_SIGN_STYLE = Automatic;
				CURRENT_PROJECT_VERSION = 1;
				GENERATE_INFOPLIST_FILE = YES;
				IPHONEOS_DEPLOYMENT_TARGET = 18.2;
				MARKETING_VERSION = 1.0;
				PRODUCT_BUNDLE_IDENTIFIER = eduard.Secc13IntroduccionTests;
				PRODUCT_NAME = "$(TARGET_NAME)";
				SWIFT_EMIT_LOC_STRINGS = NO;
				SWIFT_VERSION = 5.0;
				TARGETED_DEVICE_FAMILY = "1,2";
				TEST_HOST = "$(BUILT_PRODUCTS_DIR)/Secc13Introduccion.app/$(BUNDLE_EXECUTABLE_FOLDER_PATH)/Secc13Introduccion";
			};
			name = Debug;
		};
		A0B043702D5513BC000382E0 /* Release */ = {
			isa = XCBuildConfiguration;
			buildSettings = {
				BUNDLE_LOADER = "$(TEST_HOST)";
				CODE_SIGN_STYLE = Automatic;
				CURRENT_PROJECT_VERSION = 1;
				GENERATE_INFOPLIST_FILE = YES;
				IPHONEOS_DEPLOYMENT_TARGET = 18.2;
				MARKETING_VERSION = 1.0;
				PRODUCT_BUNDLE_IDENTIFIER = eduard.Secc13IntroduccionTests;
				PRODUCT_NAME = "$(TARGET_NAME)";
				SWIFT_EMIT_LOC_STRINGS = NO;
				SWIFT_VERSION = 5.0;
				TARGETED_DEVICE_FAMILY = "1,2";
				TEST_HOST = "$(BUILT_PRODUCTS_DIR)/Secc13Introduccion.app/$(BUNDLE_EXECUTABLE_FOLDER_PATH)/Secc13Introduccion";
			};
			name = Release;
		};
		A0B043722D5513BC000382E0 /* Debug */ = {
			isa = XCBuildConfiguration;
			buildSettings = {
				CODE_SIGN_STYLE = Automatic;
				CURRENT_PROJECT_VERSION = 1;
				GENERATE_INFOPLIST_FILE = YES;
				MARKETING_VERSION = 1.0;
				PRODUCT_BUNDLE_IDENTIFIER = eduard.Secc13IntroduccionUITests;
				PRODUCT_NAME = "$(TARGET_NAME)";
				SWIFT_EMIT_LOC_STRINGS = NO;
				SWIFT_VERSION = 5.0;
				TARGETED_DEVICE_FAMILY = "1,2";
				TEST_TARGET_NAME = Secc13Introduccion;
			};
			name = Debug;
		};
		A0B043732D5513BC000382E0 /* Release */ = {
			isa = XCBuildConfiguration;
			buildSettings = {
				CODE_SIGN_STYLE = Automatic;
				CURRENT_PROJECT_VERSION = 1;
				GENERATE_INFOPLIST_FILE = YES;
				MARKETING_VERSION = 1.0;
				PRODUCT_BUNDLE_IDENTIFIER = eduard.Secc13IntroduccionUITests;
				PRODUCT_NAME = "$(TARGET_NAME)";
				SWIFT_EMIT_LOC_STRINGS = NO;
				SWIFT_VERSION = 5.0;
				TARGETED_DEVICE_FAMILY = "1,2";
				TEST_TARGET_NAME = Secc13Introduccion;
			};
			name = Release;
		};
/* End XCBuildConfiguration section */

/* Begin XCConfigurationList section */
		A0B0433B2D5513BA000382E0 /* Build configuration list for PBXProject "Secc13Introduccion" */ = {
			isa = XCConfigurationList;
			buildConfigurations = (
				A0B0436C2D5513BC000382E0 /* Debug */,
				A0B0436D2D5513BC000382E0 /* Release */,
			);
			defaultConfigurationIsVisible = 0;
			defaultConfigurationName = Release;
		};
		A0B043692D5513BC000382E0 /* Build configuration list for PBXNativeTarget "Secc13Introduccion" */ = {
			isa = XCConfigurationList;
			buildConfigurations = (
				A0B0436A2D5513BC000382E0 /* Debug */,
				A0B0436B2D5513BC000382E0 /* Release */,
			);
			defaultConfigurationIsVisible = 0;
			defaultConfigurationName = Release;
		};
		A0B0436E2D5513BC000382E0 /* Build configuration list for PBXNativeTarget "Secc13IntroduccionTests" */ = {
			isa = XCConfigurationList;
			buildConfigurations = (
				A0B0436F2D5513BC000382E0 /* Debug */,
				A0B043702D5513BC000382E0 /* Release */,
			);
			defaultConfigurationIsVisible = 0;
			defaultConfigurationName = Release;
		};
		A0B043712D5513BC000382E0 /* Build configuration list for PBXNativeTarget "Secc13IntroduccionUITests" */ = {
			isa = XCConfigurationList;
			buildConfigurations = (
				A0B043722D5513BC000382E0 /* Debug */,
				A0B043732D5513BC000382E0 /* Release */,
			);
			defaultConfigurationIsVisible = 0;
			defaultConfigurationName = Release;
		};
/* End XCConfigurationList section */
	};
	rootObject = A0B043382D5513BA000382E0 /* Project object */;
}
