// !$*UTF8*$!
{
	archiveVersion = 1;
	classes = {
	};
	objectVersion = 77;
	objects = {

/* Begin PBXContainerItemProxy section */
		A0A632702D65EE4A0063A690 /* PBXContainerItemProxy */ = {
			isa = PBXContainerItemProxy;
			containerPortal = A0A632512D65EE490063A690 /* Project object */;
			proxyType = 1;
			remoteGlobalIDString = A0A632582D65EE490063A690;
			remoteInfo = FabricaDeAutomoviles;
		};
		A0A6327A2D65EE4A0063A690 /* PBXContainerItemProxy */ = {
			isa = PBXContainerItemProxy;
			containerPortal = A0A632512D65EE490063A690 /* Project object */;
			proxyType = 1;
			remoteGlobalIDString = A0A632582D65EE490063A690;
			remoteInfo = FabricaDeAutomoviles;
		};
/* End PBXContainerItemProxy section */

/* Begin PBXFileReference section */
		A0A632592D65EE490063A690 /* FabricaDeAutomoviles.app */ = {isa = PBXFileReference; explicitFileType = wrapper.application; includeInIndex = 0; path = FabricaDeAutomoviles.app; sourceTree = BUILT_PRODUCTS_DIR; };
		A0A6326F2D65EE4A0063A690 /* FabricaDeAutomovilesTests.xctest */ = {isa = PBXFileReference; explicitFileType = wrapper.cfbundle; includeInIndex = 0; path = FabricaDeAutomovilesTests.xctest; sourceTree = BUILT_PRODUCTS_DIR; };
		A0A632792D65EE4A0063A690 /* FabricaDeAutomovilesUITests.xctest */ = {isa = PBXFileReference; explicitFileType = wrapper.cfbundle; includeInIndex = 0; path = FabricaDeAutomovilesUITests.xctest; sourceTree = BUILT_PRODUCTS_DIR; };
/* End PBXFileReference section */

/* Begin PBXFileSystemSynchronizedBuildFileExceptionSet section */
		A0A632812D65EE4A0063A690 /* Exceptions for "FabricaDeAutomoviles" folder in "FabricaDeAutomoviles" target */ = {
			isa = PBXFileSystemSynchronizedBuildFileExceptionSet;
			membershipExceptions = (
				Info.plist,
			);
			target = A0A632582D65EE490063A690 /* FabricaDeAutomoviles */;
		};
/* End PBXFileSystemSynchronizedBuildFileExceptionSet section */

/* Begin PBXFileSystemSynchronizedRootGroup section */
		A0A6325B2D65EE490063A690 /* FabricaDeAutomoviles */ = {
			isa = PBXFileSystemSynchronizedRootGroup;
			exceptions = (
				A0A632812D65EE4A0063A690 /* Exceptions for "FabricaDeAutomoviles" folder in "FabricaDeAutomoviles" target */,
			);
			path = FabricaDeAutomoviles;
			sourceTree = "<group>";
		};
		A0A632722D65EE4A0063A690 /* FabricaDeAutomovilesTests */ = {
			isa = PBXFileSystemSynchronizedRootGroup;
			path = FabricaDeAutomovilesTests;
			sourceTree = "<group>";
		};
		A0A6327C2D65EE4A0063A690 /* FabricaDeAutomovilesUITests */ = {
			isa = PBXFileSystemSynchronizedRootGroup;
			path = FabricaDeAutomovilesUITests;
			sourceTree = "<group>";
		};
/* End PBXFileSystemSynchronizedRootGroup section */

/* Begin PBXFrameworksBuildPhase section */
		A0A632562D65EE490063A690 /* Frameworks */ = {
			isa = PBXFrameworksBuildPhase;
			buildActionMask = 2147483647;
			files = (
			);
			runOnlyForDeploymentPostprocessing = 0;
		};
		A0A6326C2D65EE4A0063A690 /* Frameworks */ = {
			isa = PBXFrameworksBuildPhase;
			buildActionMask = 2147483647;
			files = (
			);
			runOnlyForDeploymentPostprocessing = 0;
		};
		A0A632762D65EE4A0063A690 /* Frameworks */ = {
			isa = PBXFrameworksBuildPhase;
			buildActionMask = 2147483647;
			files = (
			);
			runOnlyForDeploymentPostprocessing = 0;
		};
/* End PBXFrameworksBuildPhase section */

/* Begin PBXGroup section */
		A0A632502D65EE490063A690 = {
			isa = PBXGroup;
			children = (
				A0A6325B2D65EE490063A690 /* FabricaDeAutomoviles */,
				A0A632722D65EE4A0063A690 /* FabricaDeAutomovilesTests */,
				A0A6327C2D65EE4A0063A690 /* FabricaDeAutomovilesUITests */,
				A0A6325A2D65EE490063A690 /* Products */,
			);
			sourceTree = "<group>";
		};
		A0A6325A2D65EE490063A690 /* Products */ = {
			isa = PBXGroup;
			children = (
				A0A632592D65EE490063A690 /* FabricaDeAutomoviles.app */,
				A0A6326F2D65EE4A0063A690 /* FabricaDeAutomovilesTests.xctest */,
				A0A632792D65EE4A0063A690 /* FabricaDeAutomovilesUITests.xctest */,
			);
			name = Products;
			sourceTree = "<group>";
		};
/* End PBXGroup section */

/* Begin PBXNativeTarget section */
		A0A632582D65EE490063A690 /* FabricaDeAutomoviles */ = {
			isa = PBXNativeTarget;
			buildConfigurationList = A0A632822D65EE4A0063A690 /* Build configuration list for PBXNativeTarget "FabricaDeAutomoviles" */;
			buildPhases = (
				A0A632552D65EE490063A690 /* Sources */,
				A0A632562D65EE490063A690 /* Frameworks */,
				A0A632572D65EE490063A690 /* Resources */,
			);
			buildRules = (
			);
			dependencies = (
			);
			fileSystemSynchronizedGroups = (
				A0A6325B2D65EE490063A690 /* FabricaDeAutomoviles */,
			);
			name = FabricaDeAutomoviles;
			packageProductDependencies = (
			);
			productName = FabricaDeAutomoviles;
			productReference = A0A632592D65EE490063A690 /* FabricaDeAutomoviles.app */;
			productType = "com.apple.product-type.application";
		};
		A0A6326E2D65EE4A0063A690 /* FabricaDeAutomovilesTests */ = {
			isa = PBXNativeTarget;
			buildConfigurationList = A0A632872D65EE4A0063A690 /* Build configuration list for PBXNativeTarget "FabricaDeAutomovilesTests" */;
			buildPhases = (
				A0A6326B2D65EE4A0063A690 /* Sources */,
				A0A6326C2D65EE4A0063A690 /* Frameworks */,
				A0A6326D2D65EE4A0063A690 /* Resources */,
			);
			buildRules = (
			);
			dependencies = (
				A0A632712D65EE4A0063A690 /* PBXTargetDependency */,
			);
			fileSystemSynchronizedGroups = (
				A0A632722D65EE4A0063A690 /* FabricaDeAutomovilesTests */,
			);
			name = FabricaDeAutomovilesTests;
			packageProductDependencies = (
			);
			productName = FabricaDeAutomovilesTests;
			productReference = A0A6326F2D65EE4A0063A690 /* FabricaDeAutomovilesTests.xctest */;
			productType = "com.apple.product-type.bundle.unit-test";
		};
		A0A632782D65EE4A0063A690 /* FabricaDeAutomovilesUITests */ = {
			isa = PBXNativeTarget;
			buildConfigurationList = A0A6328A2D65EE4A0063A690 /* Build configuration list for PBXNativeTarget "FabricaDeAutomovilesUITests" */;
			buildPhases = (
				A0A632752D65EE4A0063A690 /* Sources */,
				A0A632762D65EE4A0063A690 /* Frameworks */,
				A0A632772D65EE4A0063A690 /* Resources */,
			);
			buildRules = (
			);
			dependencies = (
				A0A6327B2D65EE4A0063A690 /* PBXTargetDependency */,
			);
			fileSystemSynchronizedGroups = (
				A0A6327C2D65EE4A0063A690 /* FabricaDeAutomovilesUITests */,
			);
			name = FabricaDeAutomovilesUITests;
			packageProductDependencies = (
			);
			productName = FabricaDeAutomovilesUITests;
			productReference = A0A632792D65EE4A0063A690 /* FabricaDeAutomovilesUITests.xctest */;
			productType = "com.apple.product-type.bundle.ui-testing";
		};
/* End PBXNativeTarget section */

/* Begin PBXProject section */
		A0A632512D65EE490063A690 /* Project object */ = {
			isa = PBXProject;
			attributes = {
				BuildIndependentTargetsInParallel = 1;
				LastSwiftUpdateCheck = 1620;
				LastUpgradeCheck = 1620;
				TargetAttributes = {
					A0A632582D65EE490063A690 = {
						CreatedOnToolsVersion = 16.2;
					};
					A0A6326E2D65EE4A0063A690 = {
						CreatedOnToolsVersion = 16.2;
						TestTargetID = A0A632582D65EE490063A690;
					};
					A0A632782D65EE4A0063A690 = {
						CreatedOnToolsVersion = 16.2;
						TestTargetID = A0A632582D65EE490063A690;
					};
				};
			};
			buildConfigurationList = A0A632542D65EE490063A690 /* Build configuration list for PBXProject "FabricaDeAutomoviles" */;
			developmentRegion = en;
			hasScannedForEncodings = 0;
			knownRegions = (
				en,
				Base,
			);
			mainGroup = A0A632502D65EE490063A690;
			minimizedProjectReferenceProxies = 1;
			preferredProjectObjectVersion = 77;
			productRefGroup = A0A6325A2D65EE490063A690 /* Products */;
			projectDirPath = "";
			projectRoot = "";
			targets = (
				A0A632582D65EE490063A690 /* FabricaDeAutomoviles */,
				A0A6326E2D65EE4A0063A690 /* FabricaDeAutomovilesTests */,
				A0A632782D65EE4A0063A690 /* FabricaDeAutomovilesUITests */,
			);
		};
/* End PBXProject section */

/* Begin PBXResourcesBuildPhase section */
		A0A632572D65EE490063A690 /* Resources */ = {
			isa = PBXResourcesBuildPhase;
			buildActionMask = 2147483647;
			files = (
			);
			runOnlyForDeploymentPostprocessing = 0;
		};
		A0A6326D2D65EE4A0063A690 /* Resources */ = {
			isa = PBXResourcesBuildPhase;
			buildActionMask = 2147483647;
			files = (
			);
			runOnlyForDeploymentPostprocessing = 0;
		};
		A0A632772D65EE4A0063A690 /* Resources */ = {
			isa = PBXResourcesBuildPhase;
			buildActionMask = 2147483647;
			files = (
			);
			runOnlyForDeploymentPostprocessing = 0;
		};
/* End PBXResourcesBuildPhase section */

/* Begin PBXSourcesBuildPhase section */
		A0A632552D65EE490063A690 /* Sources */ = {
			isa = PBXSourcesBuildPhase;
			buildActionMask = 2147483647;
			files = (
			);
			runOnlyForDeploymentPostprocessing = 0;
		};
		A0A6326B2D65EE4A0063A690 /* Sources */ = {
			isa = PBXSourcesBuildPhase;
			buildActionMask = 2147483647;
			files = (
			);
			runOnlyForDeploymentPostprocessing = 0;
		};
		A0A632752D65EE4A0063A690 /* Sources */ = {
			isa = PBXSourcesBuildPhase;
			buildActionMask = 2147483647;
			files = (
			);
			runOnlyForDeploymentPostprocessing = 0;
		};
/* End PBXSourcesBuildPhase section */

/* Begin PBXTargetDependency section */
		A0A632712D65EE4A0063A690 /* PBXTargetDependency */ = {
			isa = PBXTargetDependency;
			target = A0A632582D65EE490063A690 /* FabricaDeAutomoviles */;
			targetProxy = A0A632702D65EE4A0063A690 /* PBXContainerItemProxy */;
		};
		A0A6327B2D65EE4A0063A690 /* PBXTargetDependency */ = {
			isa = PBXTargetDependency;
			target = A0A632582D65EE490063A690 /* FabricaDeAutomoviles */;
			targetProxy = A0A6327A2D65EE4A0063A690 /* PBXContainerItemProxy */;
		};
/* End PBXTargetDependency section */

/* Begin XCBuildConfiguration section */
		A0A632832D65EE4A0063A690 /* Debug */ = {
			isa = XCBuildConfiguration;
			buildSettings = {
				ASSETCATALOG_COMPILER_APPICON_NAME = AppIcon;
				ASSETCATALOG_COMPILER_GLOBAL_ACCENT_COLOR_NAME = AccentColor;
				CODE_SIGN_STYLE = Automatic;
				CURRENT_PROJECT_VERSION = 1;
				GENERATE_INFOPLIST_FILE = YES;
				INFOPLIST_FILE = FabricaDeAutomoviles/Info.plist;
				INFOPLIST_KEY_UIApplicationSupportsIndirectInputEvents = YES;
				INFOPLIST_KEY_UILaunchStoryboardName = LaunchScreen;
				INFOPLIST_KEY_UIMainStoryboardFile = Main;
				INFOPLIST_KEY_UISupportedInterfaceOrientations_iPad = "UIInterfaceOrientationPortrait UIInterfaceOrientationPortraitUpsideDown UIInterfaceOrientationLandscapeLeft UIInterfaceOrientationLandscapeRight";
				INFOPLIST_KEY_UISupportedInterfaceOrientations_iPhone = "UIInterfaceOrientationPortrait UIInterfaceOrientationLandscapeLeft UIInterfaceOrientationLandscapeRight";
				LD_RUNPATH_SEARCH_PATHS = (
					"$(inherited)",
					"@executable_path/Frameworks",
				);
				MARKETING_VERSION = 1.0;
				PRODUCT_BUNDLE_IDENTIFIER = eduard.FabricaDeAutomoviles;
				PRODUCT_NAME = "$(TARGET_NAME)";
				SWIFT_EMIT_LOC_STRINGS = YES;
				SWIFT_VERSION = 5.0;
				TARGETED_DEVICE_FAMILY = "1,2";
			};
			name = Debug;
		};
		A0A632842D65EE4A0063A690 /* Release */ = {
			isa = XCBuildConfiguration;
			buildSettings = {
				ASSETCATALOG_COMPILER_APPICON_NAME = AppIcon;
				ASSETCATALOG_COMPILER_GLOBAL_ACCENT_COLOR_NAME = AccentColor;
				CODE_SIGN_STYLE = Automatic;
				CURRENT_PROJECT_VERSION = 1;
				GENERATE_INFOPLIST_FILE = YES;
				INFOPLIST_FILE = FabricaDeAutomoviles/Info.plist;
				INFOPLIST_KEY_UIApplicationSupportsIndirectInputEvents = YES;
				INFOPLIST_KEY_UILaunchStoryboardName = LaunchScreen;
				INFOPLIST_KEY_UIMainStoryboardFile = Main;
				INFOPLIST_KEY_UISupportedInterfaceOrientations_iPad = "UIInterfaceOrientationPortrait UIInterfaceOrientationPortraitUpsideDown UIInterfaceOrientationLandscapeLeft UIInterfaceOrientationLandscapeRight";
				INFOPLIST_KEY_UISupportedInterfaceOrientations_iPhone = "UIInterfaceOrientationPortrait UIInterfaceOrientationLandscapeLeft UIInterfaceOrientationLandscapeRight";
				LD_RUNPATH_SEARCH_PATHS = (
					"$(inherited)",
					"@executable_path/Frameworks",
				);
				MARKETING_VERSION = 1.0;
				PRODUCT_BUNDLE_IDENTIFIER = eduard.FabricaDeAutomoviles;
				PRODUCT_NAME = "$(TARGET_NAME)";
				SWIFT_EMIT_LOC_STRINGS = YES;
				SWIFT_VERSION = 5.0;
				TARGETED_DEVICE_FAMILY = "1,2";
			};
			name = Release;
		};
		A0A632852D65EE4A0063A690 /* Debug */ = {
			isa = XCBuildConfiguration;
			buildSettings = {
				ALWAYS_SEARCH_USER_PATHS = NO;
				ASSETCATALOG_COMPILER_GENERATE_SWIFT_ASSET_SYMBOL_EXTENSIONS = YES;
				CLANG_ANALYZER_NONNULL = YES;
				CLANG_ANALYZER_NUMBER_OBJECT_CONVERSION = YES_AGGRESSIVE;
				CLANG_CXX_LANGUAGE_STANDARD = "gnu++20";
				CLANG_ENABLE_MODULES = YES;
				CLANG_ENABLE_OBJC_ARC = YES;
				CLANG_ENABLE_OBJC_WEAK = YES;
				CLANG_WARN_BLOCK_CAPTURE_AUTORELEASING = YES;
				CLANG_WARN_BOOL_CONVERSION = YES;
				CLANG_WARN_COMMA = YES;
				CLANG_WARN_CONSTANT_CONVERSION = YES;
				CLANG_WARN_DEPRECATED_OBJC_IMPLEMENTATIONS = YES;
				CLANG_WARN_DIRECT_OBJC_ISA_USAGE = YES_ERROR;
				CLANG_WARN_DOCUMENTATION_COMMENTS = YES;
				CLANG_WARN_EMPTY_BODY = YES;
				CLANG_WARN_ENUM_CONVERSION = YES;
				CLANG_WARN_INFINITE_RECURSION = YES;
				CLANG_WARN_INT_CONVERSION = YES;
				CLANG_WARN_NON_LITERAL_NULL_CONVERSION = YES;
				CLANG_WARN_OBJC_IMPLICIT_RETAIN_SELF = YES;
				CLANG_WARN_OBJC_LITERAL_CONVERSION = YES;
				CLANG_WARN_OBJC_ROOT_CLASS = YES_ERROR;
				CLANG_WARN_QUOTED_INCLUDE_IN_FRAMEWORK_HEADER = YES;
				CLANG_WARN_RANGE_LOOP_ANALYSIS = YES;
				CLANG_WARN_STRICT_PROTOTYPES = YES;
				CLANG_WARN_SUSPICIOUS_MOVE = YES;
				CLANG_WARN_UNGUARDED_AVAILABILITY = YES_AGGRESSIVE;
				CLANG_WARN_UNREACHABLE_CODE = YES;
				CLANG_WARN__DUPLICATE_METHOD_MATCH = YES;
				COPY_PHASE_STRIP = NO;
				DEBUG_INFORMATION_FORMAT = dwarf;
				ENABLE_STRICT_OBJC_MSGSEND = YES;
				ENABLE_TESTABILITY = YES;
				ENABLE_USER_SCRIPT_SANDBOXING = YES;
				GCC_C_LANGUAGE_STANDARD = gnu17;
				GCC_DYNAMIC_NO_PIC = NO;
				GCC_NO_COMMON_BLOCKS = YES;
				GCC_OPTIMIZATION_LEVEL = 0;
				GCC_PREPROCESSOR_DEFINITIONS = (
					"DEBUG=1",
					"$(inherited)",
				);
				GCC_WARN_64_TO_32_BIT_CONVERSION = YES;
				GCC_WARN_ABOUT_RETURN_TYPE = YES_ERROR;
				GCC_WARN_UNDECLARED_SELECTOR = YES;
				GCC_WARN_UNINITIALIZED_AUTOS = YES_AGGRESSIVE;
				GCC_WARN_UNUSED_FUNCTION = YES;
				GCC_WARN_UNUSED_VARIABLE = YES;
				IPHONEOS_DEPLOYMENT_TARGET = 18.2;
				LOCALIZATION_PREFERS_STRING_CATALOGS = YES;
				MTL_ENABLE_DEBUG_INFO = INCLUDE_SOURCE;
				MTL_FAST_MATH = YES;
				ONLY_ACTIVE_ARCH = YES;
				SDKROOT = iphoneos;
				SWIFT_ACTIVE_COMPILATION_CONDITIONS = "DEBUG $(inherited)";
				SWIFT_OPTIMIZATION_LEVEL = "-Onone";
			};
			name = Debug;
		};
		A0A632862D65EE4A0063A690 /* Release */ = {
			isa = XCBuildConfiguration;
			buildSettings = {
				ALWAYS_SEARCH_USER_PATHS = NO;
				ASSETCATALOG_COMPILER_GENERATE_SWIFT_ASSET_SYMBOL_EXTENSIONS = YES;
				CLANG_ANALYZER_NONNULL = YES;
				CLANG_ANALYZER_NUMBER_OBJECT_CONVERSION = YES_AGGRESSIVE;
				CLANG_CXX_LANGUAGE_STANDARD = "gnu++20";
				CLANG_ENABLE_MODULES = YES;
				CLANG_ENABLE_OBJC_ARC = YES;
				CLANG_ENABLE_OBJC_WEAK = YES;
				CLANG_WARN_BLOCK_CAPTURE_AUTORELEASING = YES;
				CLANG_WARN_BOOL_CONVERSION = YES;
				CLANG_WARN_COMMA = YES;
				CLANG_WARN_CONSTANT_CONVERSION = YES;
				CLANG_WARN_DEPRECATED_OBJC_IMPLEMENTATIONS = YES;
				CLANG_WARN_DIRECT_OBJC_ISA_USAGE = YES_ERROR;
				CLANG_WARN_DOCUMENTATION_COMMENTS = YES;
				CLANG_WARN_EMPTY_BODY = YES;
				CLANG_WARN_ENUM_CONVERSION = YES;
				CLANG_WARN_INFINITE_RECURSION = YES;
				CLANG_WARN_INT_CONVERSION = YES;
				CLANG_WARN_NON_LITERAL_NULL_CONVERSION = YES;
				CLANG_WARN_OBJC_IMPLICIT_RETAIN_SELF = YES;
				CLANG_WARN_OBJC_LITERAL_CONVERSION = YES;
				CLANG_WARN_OBJC_ROOT_CLASS = YES_ERROR;
				CLANG_WARN_QUOTED_INCLUDE_IN_FRAMEWORK_HEADER = YES;
				CLANG_WARN_RANGE_LOOP_ANALYSIS = YES;
				CLANG_WARN_STRICT_PROTOTYPES = YES;
				CLANG_WARN_SUSPICIOUS_MOVE = YES;
				CLANG_WARN_UNGUARDED_AVAILABILITY = YES_AGGRESSIVE;
				CLANG_WARN_UNREACHABLE_CODE = YES;
				CLANG_WARN__DUPLICATE_METHOD_MATCH = YES;
				COPY_PHASE_STRIP = NO;
				DEBUG_INFORMATION_FORMAT = "dwarf-with-dsym";
				ENABLE_NS_ASSERTIONS = NO;
				ENABLE_STRICT_OBJC_MSGSEND = YES;
				ENABLE_USER_SCRIPT_SANDBOXING = YES;
				GCC_C_LANGUAGE_STANDARD = gnu17;
				GCC_NO_COMMON_BLOCKS = YES;
				GCC_WARN_64_TO_32_BIT_CONVERSION = YES;
				GCC_WARN_ABOUT_RETURN_TYPE = YES_ERROR;
				GCC_WARN_UNDECLARED_SELECTOR = YES;
				GCC_WARN_UNINITIALIZED_AUTOS = YES_AGGRESSIVE;
				GCC_WARN_UNUSED_FUNCTION = YES;
				GCC_WARN_UNUSED_VARIABLE = YES;
				IPHONEOS_DEPLOYMENT_TARGET = 18.2;
				LOCALIZATION_PREFERS_STRING_CATALOGS = YES;
				MTL_ENABLE_DEBUG_INFO = NO;
				MTL_FAST_MATH = YES;
				SDKROOT = iphoneos;
				SWIFT_COMPILATION_MODE = wholemodule;
				VALIDATE_PRODUCT = YES;
			};
			name = Release;
		};
		A0A632882D65EE4A0063A690 /* Debug */ = {
			isa = XCBuildConfiguration;
			buildSettings = {
				BUNDLE_LOADER = "$(TEST_HOST)";
				CODE_SIGN_STYLE = Automatic;
				CURRENT_PROJECT_VERSION = 1;
				GENERATE_INFOPLIST_FILE = YES;
				IPHONEOS_DEPLOYMENT_TARGET = 18.2;
				MARKETING_VERSION = 1.0;
				PRODUCT_BUNDLE_IDENTIFIER = eduard.FabricaDeAutomovilesTests;
				PRODUCT_NAME = "$(TARGET_NAME)";
				SWIFT_EMIT_LOC_STRINGS = NO;
				SWIFT_VERSION = 5.0;
				TARGETED_DEVICE_FAMILY = "1,2";
				TEST_HOST = "$(BUILT_PRODUCTS_DIR)/FabricaDeAutomoviles.app/$(BUNDLE_EXECUTABLE_FOLDER_PATH)/FabricaDeAutomoviles";
			};
			name = Debug;
		};
		A0A632892D65EE4A0063A690 /* Release */ = {
			isa = XCBuildConfiguration;
			buildSettings = {
				BUNDLE_LOADER = "$(TEST_HOST)";
				CODE_SIGN_STYLE = Automatic;
				CURRENT_PROJECT_VERSION = 1;
				GENERATE_INFOPLIST_FILE = YES;
				IPHONEOS_DEPLOYMENT_TARGET = 18.2;
				MARKETING_VERSION = 1.0;
				PRODUCT_BUNDLE_IDENTIFIER = eduard.FabricaDeAutomovilesTests;
				PRODUCT_NAME = "$(TARGET_NAME)";
				SWIFT_EMIT_LOC_STRINGS = NO;
				SWIFT_VERSION = 5.0;
				TARGETED_DEVICE_FAMILY = "1,2";
				TEST_HOST = "$(BUILT_PRODUCTS_DIR)/FabricaDeAutomoviles.app/$(BUNDLE_EXECUTABLE_FOLDER_PATH)/FabricaDeAutomoviles";
			};
			name = Release;
		};
		A0A6328B2D65EE4A0063A690 /* Debug */ = {
			isa = XCBuildConfiguration;
			buildSettings = {
				CODE_SIGN_STYLE = Automatic;
				CURRENT_PROJECT_VERSION = 1;
				GENERATE_INFOPLIST_FILE = YES;
				MARKETING_VERSION = 1.0;
				PRODUCT_BUNDLE_IDENTIFIER = eduard.FabricaDeAutomovilesUITests;
				PRODUCT_NAME = "$(TARGET_NAME)";
				SWIFT_EMIT_LOC_STRINGS = NO;
				SWIFT_VERSION = 5.0;
				TARGETED_DEVICE_FAMILY = "1,2";
				TEST_TARGET_NAME = FabricaDeAutomoviles;
			};
			name = Debug;
		};
		A0A6328C2D65EE4A0063A690 /* Release */ = {
			isa = XCBuildConfiguration;
			buildSettings = {
				CODE_SIGN_STYLE = Automatic;
				CURRENT_PROJECT_VERSION = 1;
				GENERATE_INFOPLIST_FILE = YES;
				MARKETING_VERSION = 1.0;
				PRODUCT_BUNDLE_IDENTIFIER = eduard.FabricaDeAutomovilesUITests;
				PRODUCT_NAME = "$(TARGET_NAME)";
				SWIFT_EMIT_LOC_STRINGS = NO;
				SWIFT_VERSION = 5.0;
				TARGETED_DEVICE_FAMILY = "1,2";
				TEST_TARGET_NAME = FabricaDeAutomoviles;
			};
			name = Release;
		};
/* End XCBuildConfiguration section */

/* Begin XCConfigurationList section */
		A0A632542D65EE490063A690 /* Build configuration list for PBXProject "FabricaDeAutomoviles" */ = {
			isa = XCConfigurationList;
			buildConfigurations = (
				A0A632852D65EE4A0063A690 /* Debug */,
				A0A632862D65EE4A0063A690 /* Release */,
			);
			defaultConfigurationIsVisible = 0;
			defaultConfigurationName = Release;
		};
		A0A632822D65EE4A0063A690 /* Build configuration list for PBXNativeTarget "FabricaDeAutomoviles" */ = {
			isa = XCConfigurationList;
			buildConfigurations = (
				A0A632832D65EE4A0063A690 /* Debug */,
				A0A632842D65EE4A0063A690 /* Release */,
			);
			defaultConfigurationIsVisible = 0;
			defaultConfigurationName = Release;
		};
		A0A632872D65EE4A0063A690 /* Build configuration list for PBXNativeTarget "FabricaDeAutomovilesTests" */ = {
			isa = XCConfigurationList;
			buildConfigurations = (
				A0A632882D65EE4A0063A690 /* Debug */,
				A0A632892D65EE4A0063A690 /* Release */,
			);
			defaultConfigurationIsVisible = 0;
			defaultConfigurationName = Release;
		};
		A0A6328A2D65EE4A0063A690 /* Build configuration list for PBXNativeTarget "FabricaDeAutomovilesUITests" */ = {
			isa = XCConfigurationList;
			buildConfigurations = (
				A0A6328B2D65EE4A0063A690 /* Debug */,
				A0A6328C2D65EE4A0063A690 /* Release */,
			);
			defaultConfigurationIsVisible = 0;
			defaultConfigurationName = Release;
		};
/* End XCConfigurationList section */
	};
	rootObject = A0A632512D65EE490063A690 /* Project object */;
}
