// !$*UTF8*$!
{
	archiveVersion = 1;
	classes = {
	};
	objectVersion = 77;
	objects = {

/* Begin PBXContainerItemProxy section */
		A0B043952D552061000382E0 /* PBXContainerItemProxy */ = {
			isa = PBXContainerItemProxy;
			containerPortal = A0B043762D55205F000382E0 /* Project object */;
			proxyType = 1;
			remoteGlobalIDString = A0B0437D2D55205F000382E0;
			remoteInfo = ViewAndNavigationControls;
		};
		A0B0439F2D552061000382E0 /* PBXContainerItemProxy */ = {
			isa = PBXContainerItemProxy;
			containerPortal = A0B043762D55205F000382E0 /* Project object */;
			proxyType = 1;
			remoteGlobalIDString = A0B0437D2D55205F000382E0;
			remoteInfo = ViewAndNavigationControls;
		};
/* End PBXContainerItemProxy section */

/* Begin PBXFileReference section */
		A0B0437E2D55205F000382E0 /* ViewAndNavigationControls.app */ = {isa = PBXFileReference; explicitFileType = wrapper.application; includeInIndex = 0; path = ViewAndNavigationControls.app; sourceTree = BUILT_PRODUCTS_DIR; };
		A0B043942D552061000382E0 /* ViewAndNavigationControlsTests.xctest */ = {isa = PBXFileReference; explicitFileType = wrapper.cfbundle; includeInIndex = 0; path = ViewAndNavigationControlsTests.xctest; sourceTree = BUILT_PRODUCTS_DIR; };
		A0B0439E2D552061000382E0 /* ViewAndNavigationControlsUITests.xctest */ = {isa = PBXFileReference; explicitFileType = wrapper.cfbundle; includeInIndex = 0; path = ViewAndNavigationControlsUITests.xctest; sourceTree = BUILT_PRODUCTS_DIR; };
/* End PBXFileReference section */

/* Begin PBXFileSystemSynchronizedBuildFileExceptionSet section */
		A0B043A62D552061000382E0 /* Exceptions for "ViewAndNavigationControls" folder in "ViewAndNavigationControls" target */ = {
			isa = PBXFileSystemSynchronizedBuildFileExceptionSet;
			membershipExceptions = (
				Info.plist,
			);
			target = A0B0437D2D55205F000382E0 /* ViewAndNavigationControls */;
		};
/* End PBXFileSystemSynchronizedBuildFileExceptionSet section */

/* Begin PBXFileSystemSynchronizedRootGroup section */
		A0B043802D55205F000382E0 /* ViewAndNavigationControls */ = {
			isa = PBXFileSystemSynchronizedRootGroup;
			exceptions = (
				A0B043A62D552061000382E0 /* Exceptions for "ViewAndNavigationControls" folder in "ViewAndNavigationControls" target */,
			);
			path = ViewAndNavigationControls;
			sourceTree = "<group>";
		};
		A0B043972D552061000382E0 /* ViewAndNavigationControlsTests */ = {
			isa = PBXFileSystemSynchronizedRootGroup;
			path = ViewAndNavigationControlsTests;
			sourceTree = "<group>";
		};
		A0B043A12D552061000382E0 /* ViewAndNavigationControlsUITests */ = {
			isa = PBXFileSystemSynchronizedRootGroup;
			path = ViewAndNavigationControlsUITests;
			sourceTree = "<group>";
		};
/* End PBXFileSystemSynchronizedRootGroup section */

/* Begin PBXFrameworksBuildPhase section */
		A0B0437B2D55205F000382E0 /* Frameworks */ = {
			isa = PBXFrameworksBuildPhase;
			buildActionMask = 2147483647;
			files = (
			);
			runOnlyForDeploymentPostprocessing = 0;
		};
		A0B043912D552061000382E0 /* Frameworks */ = {
			isa = PBXFrameworksBuildPhase;
			buildActionMask = 2147483647;
			files = (
			);
			runOnlyForDeploymentPostprocessing = 0;
		};
		A0B0439B2D552061000382E0 /* Frameworks */ = {
			isa = PBXFrameworksBuildPhase;
			buildActionMask = 2147483647;
			files = (
			);
			runOnlyForDeploymentPostprocessing = 0;
		};
/* End PBXFrameworksBuildPhase section */

/* Begin PBXGroup section */
		A0B043752D55205F000382E0 = {
			isa = PBXGroup;
			children = (
				A0B043802D55205F000382E0 /* ViewAndNavigationControls */,
				A0B043972D552061000382E0 /* ViewAndNavigationControlsTests */,
				A0B043A12D552061000382E0 /* ViewAndNavigationControlsUITests */,
				A0B0437F2D55205F000382E0 /* Products */,
			);
			sourceTree = "<group>";
		};
		A0B0437F2D55205F000382E0 /* Products */ = {
			isa = PBXGroup;
			children = (
				A0B0437E2D55205F000382E0 /* ViewAndNavigationControls.app */,
				A0B043942D552061000382E0 /* ViewAndNavigationControlsTests.xctest */,
				A0B0439E2D552061000382E0 /* ViewAndNavigationControlsUITests.xctest */,
			);
			name = Products;
			sourceTree = "<group>";
		};
/* End PBXGroup section */

/* Begin PBXNativeTarget section */
		A0B0437D2D55205F000382E0 /* ViewAndNavigationControls */ = {
			isa = PBXNativeTarget;
			buildConfigurationList = A0B043A72D552061000382E0 /* Build configuration list for PBXNativeTarget "ViewAndNavigationControls" */;
			buildPhases = (
				A0B0437A2D55205F000382E0 /* Sources */,
				A0B0437B2D55205F000382E0 /* Frameworks */,
				A0B0437C2D55205F000382E0 /* Resources */,
			);
			buildRules = (
			);
			dependencies = (
			);
			fileSystemSynchronizedGroups = (
				A0B043802D55205F000382E0 /* ViewAndNavigationControls */,
			);
			name = ViewAndNavigationControls;
			packageProductDependencies = (
			);
			productName = ViewAndNavigationControls;
			productReference = A0B0437E2D55205F000382E0 /* ViewAndNavigationControls.app */;
			productType = "com.apple.product-type.application";
		};
		A0B043932D552061000382E0 /* ViewAndNavigationControlsTests */ = {
			isa = PBXNativeTarget;
			buildConfigurationList = A0B043AC2D552061000382E0 /* Build configuration list for PBXNativeTarget "ViewAndNavigationControlsTests" */;
			buildPhases = (
				A0B043902D552061000382E0 /* Sources */,
				A0B043912D552061000382E0 /* Frameworks */,
				A0B043922D552061000382E0 /* Resources */,
			);
			buildRules = (
			);
			dependencies = (
				A0B043962D552061000382E0 /* PBXTargetDependency */,
			);
			fileSystemSynchronizedGroups = (
				A0B043972D552061000382E0 /* ViewAndNavigationControlsTests */,
			);
			name = ViewAndNavigationControlsTests;
			packageProductDependencies = (
			);
			productName = ViewAndNavigationControlsTests;
			productReference = A0B043942D552061000382E0 /* ViewAndNavigationControlsTests.xctest */;
			productType = "com.apple.product-type.bundle.unit-test";
		};
		A0B0439D2D552061000382E0 /* ViewAndNavigationControlsUITests */ = {
			isa = PBXNativeTarget;
			buildConfigurationList = A0B043AF2D552061000382E0 /* Build configuration list for PBXNativeTarget "ViewAndNavigationControlsUITests" */;
			buildPhases = (
				A0B0439A2D552061000382E0 /* Sources */,
				A0B0439B2D552061000382E0 /* Frameworks */,
				A0B0439C2D552061000382E0 /* Resources */,
			);
			buildRules = (
			);
			dependencies = (
				A0B043A02D552061000382E0 /* PBXTargetDependency */,
			);
			fileSystemSynchronizedGroups = (
				A0B043A12D552061000382E0 /* ViewAndNavigationControlsUITests */,
			);
			name = ViewAndNavigationControlsUITests;
			packageProductDependencies = (
			);
			productName = ViewAndNavigationControlsUITests;
			productReference = A0B0439E2D552061000382E0 /* ViewAndNavigationControlsUITests.xctest */;
			productType = "com.apple.product-type.bundle.ui-testing";
		};
/* End PBXNativeTarget section */

/* Begin PBXProject section */
		A0B043762D55205F000382E0 /* Project object */ = {
			isa = PBXProject;
			attributes = {
				BuildIndependentTargetsInParallel = 1;
				LastSwiftUpdateCheck = 1620;
				LastUpgradeCheck = 1620;
				TargetAttributes = {
					A0B0437D2D55205F000382E0 = {
						CreatedOnToolsVersion = 16.2;
					};
					A0B043932D552061000382E0 = {
						CreatedOnToolsVersion = 16.2;
						TestTargetID = A0B0437D2D55205F000382E0;
					};
					A0B0439D2D552061000382E0 = {
						CreatedOnToolsVersion = 16.2;
						TestTargetID = A0B0437D2D55205F000382E0;
					};
				};
			};
			buildConfigurationList = A0B043792D55205F000382E0 /* Build configuration list for PBXProject "ViewAndNavigationControls" */;
			developmentRegion = en;
			hasScannedForEncodings = 0;
			knownRegions = (
				en,
				Base,
			);
			mainGroup = A0B043752D55205F000382E0;
			minimizedProjectReferenceProxies = 1;
			preferredProjectObjectVersion = 77;
			productRefGroup = A0B0437F2D55205F000382E0 /* Products */;
			projectDirPath = "";
			projectRoot = "";
			targets = (
				A0B0437D2D55205F000382E0 /* ViewAndNavigationControls */,
				A0B043932D552061000382E0 /* ViewAndNavigationControlsTests */,
				A0B0439D2D552061000382E0 /* ViewAndNavigationControlsUITests */,
			);
		};
/* End PBXProject section */

/* Begin PBXResourcesBuildPhase section */
		A0B0437C2D55205F000382E0 /* Resources */ = {
			isa = PBXResourcesBuildPhase;
			buildActionMask = 2147483647;
			files = (
			);
			runOnlyForDeploymentPostprocessing = 0;
		};
		A0B043922D552061000382E0 /* Resources */ = {
			isa = PBXResourcesBuildPhase;
			buildActionMask = 2147483647;
			files = (
			);
			runOnlyForDeploymentPostprocessing = 0;
		};
		A0B0439C2D552061000382E0 /* Resources */ = {
			isa = PBXResourcesBuildPhase;
			buildActionMask = 2147483647;
			files = (
			);
			runOnlyForDeploymentPostprocessing = 0;
		};
/* End PBXResourcesBuildPhase section */

/* Begin PBXSourcesBuildPhase section */
		A0B0437A2D55205F000382E0 /* Sources */ = {
			isa = PBXSourcesBuildPhase;
			buildActionMask = 2147483647;
			files = (
			);
			runOnlyForDeploymentPostprocessing = 0;
		};
		A0B043902D552061000382E0 /* Sources */ = {
			isa = PBXSourcesBuildPhase;
			buildActionMask = 2147483647;
			files = (
			);
			runOnlyForDeploymentPostprocessing = 0;
		};
		A0B0439A2D552061000382E0 /* Sources */ = {
			isa = PBXSourcesBuildPhase;
			buildActionMask = 2147483647;
			files = (
			);
			runOnlyForDeploymentPostprocessing = 0;
		};
/* End PBXSourcesBuildPhase section */

/* Begin PBXTargetDependency section */
		A0B043962D552061000382E0 /* PBXTargetDependency */ = {
			isa = PBXTargetDependency;
			target = A0B0437D2D55205F000382E0 /* ViewAndNavigationControls */;
			targetProxy = A0B043952D552061000382E0 /* PBXContainerItemProxy */;
		};
		A0B043A02D552061000382E0 /* PBXTargetDependency */ = {
			isa = PBXTargetDependency;
			target = A0B0437D2D55205F000382E0 /* ViewAndNavigationControls */;
			targetProxy = A0B0439F2D552061000382E0 /* PBXContainerItemProxy */;
		};
/* End PBXTargetDependency section */

/* Begin XCBuildConfiguration section */
		A0B043A82D552061000382E0 /* Debug */ = {
			isa = XCBuildConfiguration;
			buildSettings = {
				ASSETCATALOG_COMPILER_APPICON_NAME = AppIcon;
				ASSETCATALOG_COMPILER_GLOBAL_ACCENT_COLOR_NAME = AccentColor;
				CODE_SIGN_STYLE = Automatic;
				CURRENT_PROJECT_VERSION = 1;
				GENERATE_INFOPLIST_FILE = YES;
				INFOPLIST_FILE = ViewAndNavigationControls/Info.plist;
				INFOPLIST_KEY_UIApplicationSupportsIndirectInputEvents = YES;
				INFOPLIST_KEY_UILaunchStoryboardName = LaunchScreen;
				INFOPLIST_KEY_UIMainStoryboardFile = Main;
				INFOPLIST_KEY_UISupportedInterfaceOrientations_iPad = "UIInterfaceOrientationPortrait UIInterfaceOrientationPortraitUpsideDown UIInterfaceOrientationLandscapeLeft UIInterfaceOrientationLandscapeRight";
				INFOPLIST_KEY_UISupportedInterfaceOrientations_iPhone = "UIInterfaceOrientationPortrait UIInterfaceOrientationLandscapeLeft UIInterfaceOrientationLandscapeRight";
				LD_RUNPATH_SEARCH_PATHS = (
					"$(inherited)",
					"@executable_path/Frameworks",
				);
				MARKETING_VERSION = 1.0;
				PRODUCT_BUNDLE_IDENTIFIER = eduard.ViewAndNavigationControls;
				PRODUCT_NAME = "$(TARGET_NAME)";
				SWIFT_EMIT_LOC_STRINGS = YES;
				SWIFT_VERSION = 5.0;
				TARGETED_DEVICE_FAMILY = "1,2";
			};
			name = Debug;
		};
		A0B043A92D552061000382E0 /* Release */ = {
			isa = XCBuildConfiguration;
			buildSettings = {
				ASSETCATALOG_COMPILER_APPICON_NAME = AppIcon;
				ASSETCATALOG_COMPILER_GLOBAL_ACCENT_COLOR_NAME = AccentColor;
				CODE_SIGN_STYLE = Automatic;
				CURRENT_PROJECT_VERSION = 1;
				GENERATE_INFOPLIST_FILE = YES;
				INFOPLIST_FILE = ViewAndNavigationControls/Info.plist;
				INFOPLIST_KEY_UIApplicationSupportsIndirectInputEvents = YES;
				INFOPLIST_KEY_UILaunchStoryboardName = LaunchScreen;
				INFOPLIST_KEY_UIMainStoryboardFile = Main;
				INFOPLIST_KEY_UISupportedInterfaceOrientations_iPad = "UIInterfaceOrientationPortrait UIInterfaceOrientationPortraitUpsideDown UIInterfaceOrientationLandscapeLeft UIInterfaceOrientationLandscapeRight";
				INFOPLIST_KEY_UISupportedInterfaceOrientations_iPhone = "UIInterfaceOrientationPortrait UIInterfaceOrientationLandscapeLeft UIInterfaceOrientationLandscapeRight";
				LD_RUNPATH_SEARCH_PATHS = (
					"$(inherited)",
					"@executable_path/Frameworks",
				);
				MARKETING_VERSION = 1.0;
				PRODUCT_BUNDLE_IDENTIFIER = eduard.ViewAndNavigationControls;
				PRODUCT_NAME = "$(TARGET_NAME)";
				SWIFT_EMIT_LOC_STRINGS = YES;
				SWIFT_VERSION = 5.0;
				TARGETED_DEVICE_FAMILY = "1,2";
			};
			name = Release;
		};
		A0B043AA2D552061000382E0 /* Debug */ = {
			isa = XCBuildConfiguration;
			buildSettings = {
				ALWAYS_SEARCH_USER_PATHS = NO;
				ASSETCATALOG_COMPILER_GENERATE_SWIFT_ASSET_SYMBOL_EXTENSIONS = YES;
				CLANG_ANALYZER_NONNULL = YES;
				CLANG_ANALYZER_NUMBER_OBJECT_CONVERSION = YES_AGGRESSIVE;
				CLANG_CXX_LANGUAGE_STANDARD = "gnu++20";
				CLANG_ENABLE_MODULES = YES;
				CLANG_ENABLE_OBJC_ARC = YES;
				CLANG_ENABLE_OBJC_WEAK = YES;
				CLANG_WARN_BLOCK_CAPTURE_AUTORELEASING = YES;
				CLANG_WARN_BOOL_CONVERSION = YES;
				CLANG_WARN_COMMA = YES;
				CLANG_WARN_CONSTANT_CONVERSION = YES;
				CLANG_WARN_DEPRECATED_OBJC_IMPLEMENTATIONS = YES;
				CLANG_WARN_DIRECT_OBJC_ISA_USAGE = YES_ERROR;
				CLANG_WARN_DOCUMENTATION_COMMENTS = YES;
				CLANG_WARN_EMPTY_BODY = YES;
				CLANG_WARN_ENUM_CONVERSION = YES;
				CLANG_WARN_INFINITE_RECURSION = YES;
				CLANG_WARN_INT_CONVERSION = YES;
				CLANG_WARN_NON_LITERAL_NULL_CONVERSION = YES;
				CLANG_WARN_OBJC_IMPLICIT_RETAIN_SELF = YES;
				CLANG_WARN_OBJC_LITERAL_CONVERSION = YES;
				CLANG_WARN_OBJC_ROOT_CLASS = YES_ERROR;
				CLANG_WARN_QUOTED_INCLUDE_IN_FRAMEWORK_HEADER = YES;
				CLANG_WARN_RANGE_LOOP_ANALYSIS = YES;
				CLANG_WARN_STRICT_PROTOTYPES = YES;
				CLANG_WARN_SUSPICIOUS_MOVE = YES;
				CLANG_WARN_UNGUARDED_AVAILABILITY = YES_AGGRESSIVE;
				CLANG_WARN_UNREACHABLE_CODE = YES;
				CLANG_WARN__DUPLICATE_METHOD_MATCH = YES;
				COPY_PHASE_STRIP = NO;
				DEBUG_INFORMATION_FORMAT = dwarf;
				ENABLE_STRICT_OBJC_MSGSEND = YES;
				ENABLE_TESTABILITY = YES;
				ENABLE_USER_SCRIPT_SANDBOXING = YES;
				GCC_C_LANGUAGE_STANDARD = gnu17;
				GCC_DYNAMIC_NO_PIC = NO;
				GCC_NO_COMMON_BLOCKS = YES;
				GCC_OPTIMIZATION_LEVEL = 0;
				GCC_PREPROCESSOR_DEFINITIONS = (
					"DEBUG=1",
					"$(inherited)",
				);
				GCC_WARN_64_TO_32_BIT_CONVERSION = YES;
				GCC_WARN_ABOUT_RETURN_TYPE = YES_ERROR;
				GCC_WARN_UNDECLARED_SELECTOR = YES;
				GCC_WARN_UNINITIALIZED_AUTOS = YES_AGGRESSIVE;
				GCC_WARN_UNUSED_FUNCTION = YES;
				GCC_WARN_UNUSED_VARIABLE = YES;
				IPHONEOS_DEPLOYMENT_TARGET = 18.2;
				LOCALIZATION_PREFERS_STRING_CATALOGS = YES;
				MTL_ENABLE_DEBUG_INFO = INCLUDE_SOURCE;
				MTL_FAST_MATH = YES;
				ONLY_ACTIVE_ARCH = YES;
				SDKROOT = iphoneos;
				SWIFT_ACTIVE_COMPILATION_CONDITIONS = "DEBUG $(inherited)";
				SWIFT_OPTIMIZATION_LEVEL = "-Onone";
			};
			name = Debug;
		};
		A0B043AB2D552061000382E0 /* Release */ = {
			isa = XCBuildConfiguration;
			buildSettings = {
				ALWAYS_SEARCH_USER_PATHS = NO;
				ASSETCATALOG_COMPILER_GENERATE_SWIFT_ASSET_SYMBOL_EXTENSIONS = YES;
				CLANG_ANALYZER_NONNULL = YES;
				CLANG_ANALYZER_NUMBER_OBJECT_CONVERSION = YES_AGGRESSIVE;
				CLANG_CXX_LANGUAGE_STANDARD = "gnu++20";
				CLANG_ENABLE_MODULES = YES;
				CLANG_ENABLE_OBJC_ARC = YES;
				CLANG_ENABLE_OBJC_WEAK = YES;
				CLANG_WARN_BLOCK_CAPTURE_AUTORELEASING = YES;
				CLANG_WARN_BOOL_CONVERSION = YES;
				CLANG_WARN_COMMA = YES;
				CLANG_WARN_CONSTANT_CONVERSION = YES;
				CLANG_WARN_DEPRECATED_OBJC_IMPLEMENTATIONS = YES;
				CLANG_WARN_DIRECT_OBJC_ISA_USAGE = YES_ERROR;
				CLANG_WARN_DOCUMENTATION_COMMENTS = YES;
				CLANG_WARN_EMPTY_BODY = YES;
				CLANG_WARN_ENUM_CONVERSION = YES;
				CLANG_WARN_INFINITE_RECURSION = YES;
				CLANG_WARN_INT_CONVERSION = YES;
				CLANG_WARN_NON_LITERAL_NULL_CONVERSION = YES;
				CLANG_WARN_OBJC_IMPLICIT_RETAIN_SELF = YES;
				CLANG_WARN_OBJC_LITERAL_CONVERSION = YES;
				CLANG_WARN_OBJC_ROOT_CLASS = YES_ERROR;
				CLANG_WARN_QUOTED_INCLUDE_IN_FRAMEWORK_HEADER = YES;
				CLANG_WARN_RANGE_LOOP_ANALYSIS = YES;
				CLANG_WARN_STRICT_PROTOTYPES = YES;
				CLANG_WARN_SUSPICIOUS_MOVE = YES;
				CLANG_WARN_UNGUARDED_AVAILABILITY = YES_AGGRESSIVE;
				CLANG_WARN_UNREACHABLE_CODE = YES;
				CLANG_WARN__DUPLICATE_METHOD_MATCH = YES;
				COPY_PHASE_STRIP = NO;
				DEBUG_INFORMATION_FORMAT = "dwarf-with-dsym";
				ENABLE_NS_ASSERTIONS = NO;
				ENABLE_STRICT_OBJC_MSGSEND = YES;
				ENABLE_USER_SCRIPT_SANDBOXING = YES;
				GCC_C_LANGUAGE_STANDARD = gnu17;
				GCC_NO_COMMON_BLOCKS = YES;
				GCC_WARN_64_TO_32_BIT_CONVERSION = YES;
				GCC_WARN_ABOUT_RETURN_TYPE = YES_ERROR;
				GCC_WARN_UNDECLARED_SELECTOR = YES;
				GCC_WARN_UNINITIALIZED_AUTOS = YES_AGGRESSIVE;
				GCC_WARN_UNUSED_FUNCTION = YES;
				GCC_WARN_UNUSED_VARIABLE = YES;
				IPHONEOS_DEPLOYMENT_TARGET = 18.2;
				LOCALIZATION_PREFERS_STRING_CATALOGS = YES;
				MTL_ENABLE_DEBUG_INFO = NO;
				MTL_FAST_MATH = YES;
				SDKROOT = iphoneos;
				SWIFT_COMPILATION_MODE = wholemodule;
				VALIDATE_PRODUCT = YES;
			};
			name = Release;
		};
		A0B043AD2D552061000382E0 /* Debug */ = {
			isa = XCBuildConfiguration;
			buildSettings = {
				BUNDLE_LOADER = "$(TEST_HOST)";
				CODE_SIGN_STYLE = Automatic;
				CURRENT_PROJECT_VERSION = 1;
				GENERATE_INFOPLIST_FILE = YES;
				IPHONEOS_DEPLOYMENT_TARGET = 18.2;
				MARKETING_VERSION = 1.0;
				PRODUCT_BUNDLE_IDENTIFIER = eduard.ViewAndNavigationControlsTests;
				PRODUCT_NAME = "$(TARGET_NAME)";
				SWIFT_EMIT_LOC_STRINGS = NO;
				SWIFT_VERSION = 5.0;
				TARGETED_DEVICE_FAMILY = "1,2";
				TEST_HOST = "$(BUILT_PRODUCTS_DIR)/ViewAndNavigationControls.app/$(BUNDLE_EXECUTABLE_FOLDER_PATH)/ViewAndNavigationControls";
			};
			name = Debug;
		};
		A0B043AE2D552061000382E0 /* Release */ = {
			isa = XCBuildConfiguration;
			buildSettings = {
				BUNDLE_LOADER = "$(TEST_HOST)";
				CODE_SIGN_STYLE = Automatic;
				CURRENT_PROJECT_VERSION = 1;
				GENERATE_INFOPLIST_FILE = YES;
				IPHONEOS_DEPLOYMENT_TARGET = 18.2;
				MARKETING_VERSION = 1.0;
				PRODUCT_BUNDLE_IDENTIFIER = eduard.ViewAndNavigationControlsTests;
				PRODUCT_NAME = "$(TARGET_NAME)";
				SWIFT_EMIT_LOC_STRINGS = NO;
				SWIFT_VERSION = 5.0;
				TARGETED_DEVICE_FAMILY = "1,2";
				TEST_HOST = "$(BUILT_PRODUCTS_DIR)/ViewAndNavigationControls.app/$(BUNDLE_EXECUTABLE_FOLDER_PATH)/ViewAndNavigationControls";
			};
			name = Release;
		};
		A0B043B02D552061000382E0 /* Debug */ = {
			isa = XCBuildConfiguration;
			buildSettings = {
				CODE_SIGN_STYLE = Automatic;
				CURRENT_PROJECT_VERSION = 1;
				GENERATE_INFOPLIST_FILE = YES;
				MARKETING_VERSION = 1.0;
				PRODUCT_BUNDLE_IDENTIFIER = eduard.ViewAndNavigationControlsUITests;
				PRODUCT_NAME = "$(TARGET_NAME)";
				SWIFT_EMIT_LOC_STRINGS = NO;
				SWIFT_VERSION = 5.0;
				TARGETED_DEVICE_FAMILY = "1,2";
				TEST_TARGET_NAME = ViewAndNavigationControls;
			};
			name = Debug;
		};
		A0B043B12D552061000382E0 /* Release */ = {
			isa = XCBuildConfiguration;
			buildSettings = {
				CODE_SIGN_STYLE = Automatic;
				CURRENT_PROJECT_VERSION = 1;
				GENERATE_INFOPLIST_FILE = YES;
				MARKETING_VERSION = 1.0;
				PRODUCT_BUNDLE_IDENTIFIER = eduard.ViewAndNavigationControlsUITests;
				PRODUCT_NAME = "$(TARGET_NAME)";
				SWIFT_EMIT_LOC_STRINGS = NO;
				SWIFT_VERSION = 5.0;
				TARGETED_DEVICE_FAMILY = "1,2";
				TEST_TARGET_NAME = ViewAndNavigationControls;
			};
			name = Release;
		};
/* End XCBuildConfiguration section */

/* Begin XCConfigurationList section */
		A0B043792D55205F000382E0 /* Build configuration list for PBXProject "ViewAndNavigationControls" */ = {
			isa = XCConfigurationList;
			buildConfigurations = (
				A0B043AA2D552061000382E0 /* Debug */,
				A0B043AB2D552061000382E0 /* Release */,
			);
			defaultConfigurationIsVisible = 0;
			defaultConfigurationName = Release;
		};
		A0B043A72D552061000382E0 /* Build configuration list for PBXNativeTarget "ViewAndNavigationControls" */ = {
			isa = XCConfigurationList;
			buildConfigurations = (
				A0B043A82D552061000382E0 /* Debug */,
				A0B043A92D552061000382E0 /* Release */,
			);
			defaultConfigurationIsVisible = 0;
			defaultConfigurationName = Release;
		};
		A0B043AC2D552061000382E0 /* Build configuration list for PBXNativeTarget "ViewAndNavigationControlsTests" */ = {
			isa = XCConfigurationList;
			buildConfigurations = (
				A0B043AD2D552061000382E0 /* Debug */,
				A0B043AE2D552061000382E0 /* Release */,
			);
			defaultConfigurationIsVisible = 0;
			defaultConfigurationName = Release;
		};
		A0B043AF2D552061000382E0 /* Build configuration list for PBXNativeTarget "ViewAndNavigationControlsUITests" */ = {
			isa = XCConfigurationList;
			buildConfigurations = (
				A0B043B02D552061000382E0 /* Debug */,
				A0B043B12D552061000382E0 /* Release */,
			);
			defaultConfigurationIsVisible = 0;
			defaultConfigurationName = Release;
		};
/* End XCConfigurationList section */
	};
	rootObject = A0B043762D55205F000382E0 /* Project object */;
}
