// !$*UTF8*$!
{
	archiveVersion = 1;
	classes = {
	};
	objectVersion = 77;
	objects = {

/* Begin PBXContainerItemProxy section */
		A00C9E4B2D71AFBD007F7D5B /* PBXContainerItemProxy */ = {
			isa = PBXContainerItemProxy;
			containerPortal = A00C9E292D71AFBB007F7D5B /* Project object */;
			proxyType = 1;
			remoteGlobalIDString = A00C9E302D71AFBC007F7D5B;
			remoteInfo = testCoreData;
		};
		A00C9E552D71AFBD007F7D5B /* PBXContainerItemProxy */ = {
			isa = PBXContainerItemProxy;
			containerPortal = A00C9E292D71AFBB007F7D5B /* Project object */;
			proxyType = 1;
			remoteGlobalIDString = A00C9E302D71AFBC007F7D5B;
			remoteInfo = testCoreData;
		};
/* End PBXContainerItemProxy section */

/* Begin PBXFileReference section */
		A00C9E312D71AFBC007F7D5B /* testCoreData.app */ = {isa = PBXFileReference; explicitFileType = wrapper.application; includeInIndex = 0; path = testCoreData.app; sourceTree = BUILT_PRODUCTS_DIR; };
		A00C9E4A2D71AFBD007F7D5B /* testCoreDataTests.xctest */ = {isa = PBXFileReference; explicitFileType = wrapper.cfbundle; includeInIndex = 0; path = testCoreDataTests.xctest; sourceTree = BUILT_PRODUCTS_DIR; };
		A00C9E542D71AFBD007F7D5B /* testCoreDataUITests.xctest */ = {isa = PBXFileReference; explicitFileType = wrapper.cfbundle; includeInIndex = 0; path = testCoreDataUITests.xctest; sourceTree = BUILT_PRODUCTS_DIR; };
/* End PBXFileReference section */

/* Begin PBXFileSystemSynchronizedBuildFileExceptionSet section */
		A00C9E5C2D71AFBD007F7D5B /* Exceptions for "testCoreData" folder in "testCoreData" target */ = {
			isa = PBXFileSystemSynchronizedBuildFileExceptionSet;
			membershipExceptions = (
				Info.plist,
			);
			target = A00C9E302D71AFBC007F7D5B /* testCoreData */;
		};
/* End PBXFileSystemSynchronizedBuildFileExceptionSet section */

/* Begin PBXFileSystemSynchronizedRootGroup section */
		A00C9E332D71AFBC007F7D5B /* testCoreData */ = {
			isa = PBXFileSystemSynchronizedRootGroup;
			exceptions = (
				A00C9E5C2D71AFBD007F7D5B /* Exceptions for "testCoreData" folder in "testCoreData" target */,
			);
			path = testCoreData;
			sourceTree = "<group>";
		};
		A00C9E4D2D71AFBD007F7D5B /* testCoreDataTests */ = {
			isa = PBXFileSystemSynchronizedRootGroup;
			path = testCoreDataTests;
			sourceTree = "<group>";
		};
		A00C9E572D71AFBD007F7D5B /* testCoreDataUITests */ = {
			isa = PBXFileSystemSynchronizedRootGroup;
			path = testCoreDataUITests;
			sourceTree = "<group>";
		};
/* End PBXFileSystemSynchronizedRootGroup section */

/* Begin PBXFrameworksBuildPhase section */
		A00C9E2E2D71AFBC007F7D5B /* Frameworks */ = {
			isa = PBXFrameworksBuildPhase;
			buildActionMask = 2147483647;
			files = (
			);
			runOnlyForDeploymentPostprocessing = 0;
		};
		A00C9E472D71AFBD007F7D5B /* Frameworks */ = {
			isa = PBXFrameworksBuildPhase;
			buildActionMask = 2147483647;
			files = (
			);
			runOnlyForDeploymentPostprocessing = 0;
		};
		A00C9E512D71AFBD007F7D5B /* Frameworks */ = {
			isa = PBXFrameworksBuildPhase;
			buildActionMask = 2147483647;
			files = (
			);
			runOnlyForDeploymentPostprocessing = 0;
		};
/* End PBXFrameworksBuildPhase section */

/* Begin PBXGroup section */
		A00C9E282D71AFBB007F7D5B = {
			isa = PBXGroup;
			children = (
				A00C9E332D71AFBC007F7D5B /* testCoreData */,
				A00C9E4D2D71AFBD007F7D5B /* testCoreDataTests */,
				A00C9E572D71AFBD007F7D5B /* testCoreDataUITests */,
				A00C9E322D71AFBC007F7D5B /* Products */,
			);
			sourceTree = "<group>";
		};
		A00C9E322D71AFBC007F7D5B /* Products */ = {
			isa = PBXGroup;
			children = (
				A00C9E312D71AFBC007F7D5B /* testCoreData.app */,
				A00C9E4A2D71AFBD007F7D5B /* testCoreDataTests.xctest */,
				A00C9E542D71AFBD007F7D5B /* testCoreDataUITests.xctest */,
			);
			name = Products;
			sourceTree = "<group>";
		};
/* End PBXGroup section */

/* Begin PBXNativeTarget section */
		A00C9E302D71AFBC007F7D5B /* testCoreData */ = {
			isa = PBXNativeTarget;
			buildConfigurationList = A00C9E5D2D71AFBD007F7D5B /* Build configuration list for PBXNativeTarget "testCoreData" */;
			buildPhases = (
				A00C9E2D2D71AFBC007F7D5B /* Sources */,
				A00C9E2E2D71AFBC007F7D5B /* Frameworks */,
				A00C9E2F2D71AFBC007F7D5B /* Resources */,
			);
			buildRules = (
			);
			dependencies = (
			);
			fileSystemSynchronizedGroups = (
				A00C9E332D71AFBC007F7D5B /* testCoreData */,
			);
			name = testCoreData;
			packageProductDependencies = (
			);
			productName = testCoreData;
			productReference = A00C9E312D71AFBC007F7D5B /* testCoreData.app */;
			productType = "com.apple.product-type.application";
		};
		A00C9E492D71AFBD007F7D5B /* testCoreDataTests */ = {
			isa = PBXNativeTarget;
			buildConfigurationList = A00C9E622D71AFBD007F7D5B /* Build configuration list for PBXNativeTarget "testCoreDataTests" */;
			buildPhases = (
				A00C9E462D71AFBD007F7D5B /* Sources */,
				A00C9E472D71AFBD007F7D5B /* Frameworks */,
				A00C9E482D71AFBD007F7D5B /* Resources */,
			);
			buildRules = (
			);
			dependencies = (
				A00C9E4C2D71AFBD007F7D5B /* PBXTargetDependency */,
			);
			fileSystemSynchronizedGroups = (
				A00C9E4D2D71AFBD007F7D5B /* testCoreDataTests */,
			);
			name = testCoreDataTests;
			packageProductDependencies = (
			);
			productName = testCoreDataTests;
			productReference = A00C9E4A2D71AFBD007F7D5B /* testCoreDataTests.xctest */;
			productType = "com.apple.product-type.bundle.unit-test";
		};
		A00C9E532D71AFBD007F7D5B /* testCoreDataUITests */ = {
			isa = PBXNativeTarget;
			buildConfigurationList = A00C9E652D71AFBD007F7D5B /* Build configuration list for PBXNativeTarget "testCoreDataUITests" */;
			buildPhases = (
				A00C9E502D71AFBD007F7D5B /* Sources */,
				A00C9E512D71AFBD007F7D5B /* Frameworks */,
				A00C9E522D71AFBD007F7D5B /* Resources */,
			);
			buildRules = (
			);
			dependencies = (
				A00C9E562D71AFBD007F7D5B /* PBXTargetDependency */,
			);
			fileSystemSynchronizedGroups = (
				A00C9E572D71AFBD007F7D5B /* testCoreDataUITests */,
			);
			name = testCoreDataUITests;
			packageProductDependencies = (
			);
			productName = testCoreDataUITests;
			productReference = A00C9E542D71AFBD007F7D5B /* testCoreDataUITests.xctest */;
			productType = "com.apple.product-type.bundle.ui-testing";
		};
/* End PBXNativeTarget section */

/* Begin PBXProject section */
		A00C9E292D71AFBB007F7D5B /* Project object */ = {
			isa = PBXProject;
			attributes = {
				BuildIndependentTargetsInParallel = 1;
				LastSwiftUpdateCheck = 1620;
				LastUpgradeCheck = 1620;
				TargetAttributes = {
					A00C9E302D71AFBC007F7D5B = {
						CreatedOnToolsVersion = 16.2;
					};
					A00C9E492D71AFBD007F7D5B = {
						CreatedOnToolsVersion = 16.2;
						TestTargetID = A00C9E302D71AFBC007F7D5B;
					};
					A00C9E532D71AFBD007F7D5B = {
						CreatedOnToolsVersion = 16.2;
						TestTargetID = A00C9E302D71AFBC007F7D5B;
					};
				};
			};
			buildConfigurationList = A00C9E2C2D71AFBB007F7D5B /* Build configuration list for PBXProject "testCoreData" */;
			developmentRegion = en;
			hasScannedForEncodings = 0;
			knownRegions = (
				en,
				Base,
			);
			mainGroup = A00C9E282D71AFBB007F7D5B;
			minimizedProjectReferenceProxies = 1;
			preferredProjectObjectVersion = 77;
			productRefGroup = A00C9E322D71AFBC007F7D5B /* Products */;
			projectDirPath = "";
			projectRoot = "";
			targets = (
				A00C9E302D71AFBC007F7D5B /* testCoreData */,
				A00C9E492D71AFBD007F7D5B /* testCoreDataTests */,
				A00C9E532D71AFBD007F7D5B /* testCoreDataUITests */,
			);
		};
/* End PBXProject section */

/* Begin PBXResourcesBuildPhase section */
		A00C9E2F2D71AFBC007F7D5B /* Resources */ = {
			isa = PBXResourcesBuildPhase;
			buildActionMask = 2147483647;
			files = (
			);
			runOnlyForDeploymentPostprocessing = 0;
		};
		A00C9E482D71AFBD007F7D5B /* Resources */ = {
			isa = PBXResourcesBuildPhase;
			buildActionMask = 2147483647;
			files = (
			);
			runOnlyForDeploymentPostprocessing = 0;
		};
		A00C9E522D71AFBD007F7D5B /* Resources */ = {
			isa = PBXResourcesBuildPhase;
			buildActionMask = 2147483647;
			files = (
			);
			runOnlyForDeploymentPostprocessing = 0;
		};
/* End PBXResourcesBuildPhase section */

/* Begin PBXSourcesBuildPhase section */
		A00C9E2D2D71AFBC007F7D5B /* Sources */ = {
			isa = PBXSourcesBuildPhase;
			buildActionMask = 2147483647;
			files = (
			);
			runOnlyForDeploymentPostprocessing = 0;
		};
		A00C9E462D71AFBD007F7D5B /* Sources */ = {
			isa = PBXSourcesBuildPhase;
			buildActionMask = 2147483647;
			files = (
			);
			runOnlyForDeploymentPostprocessing = 0;
		};
		A00C9E502D71AFBD007F7D5B /* Sources */ = {
			isa = PBXSourcesBuildPhase;
			buildActionMask = 2147483647;
			files = (
			);
			runOnlyForDeploymentPostprocessing = 0;
		};
/* End PBXSourcesBuildPhase section */

/* Begin PBXTargetDependency section */
		A00C9E4C2D71AFBD007F7D5B /* PBXTargetDependency */ = {
			isa = PBXTargetDependency;
			target = A00C9E302D71AFBC007F7D5B /* testCoreData */;
			targetProxy = A00C9E4B2D71AFBD007F7D5B /* PBXContainerItemProxy */;
		};
		A00C9E562D71AFBD007F7D5B /* PBXTargetDependency */ = {
			isa = PBXTargetDependency;
			target = A00C9E302D71AFBC007F7D5B /* testCoreData */;
			targetProxy = A00C9E552D71AFBD007F7D5B /* PBXContainerItemProxy */;
		};
/* End PBXTargetDependency section */

/* Begin XCBuildConfiguration section */
		A00C9E5E2D71AFBD007F7D5B /* Debug */ = {
			isa = XCBuildConfiguration;
			buildSettings = {
				ASSETCATALOG_COMPILER_APPICON_NAME = AppIcon;
				ASSETCATALOG_COMPILER_GLOBAL_ACCENT_COLOR_NAME = AccentColor;
				CODE_SIGN_STYLE = Automatic;
				CURRENT_PROJECT_VERSION = 1;
				GENERATE_INFOPLIST_FILE = YES;
				INFOPLIST_FILE = testCoreData/Info.plist;
				INFOPLIST_KEY_UIApplicationSupportsIndirectInputEvents = YES;
				INFOPLIST_KEY_UILaunchStoryboardName = LaunchScreen;
				INFOPLIST_KEY_UIMainStoryboardFile = Main;
				INFOPLIST_KEY_UISupportedInterfaceOrientations_iPad = "UIInterfaceOrientationPortrait UIInterfaceOrientationPortraitUpsideDown UIInterfaceOrientationLandscapeLeft UIInterfaceOrientationLandscapeRight";
				INFOPLIST_KEY_UISupportedInterfaceOrientations_iPhone = "UIInterfaceOrientationPortrait UIInterfaceOrientationLandscapeLeft UIInterfaceOrientationLandscapeRight";
				LD_RUNPATH_SEARCH_PATHS = (
					"$(inherited)",
					"@executable_path/Frameworks",
				);
				MARKETING_VERSION = 1.0;
				PRODUCT_BUNDLE_IDENTIFIER = eduard.testCoreData;
				PRODUCT_NAME = "$(TARGET_NAME)";
				SWIFT_EMIT_LOC_STRINGS = YES;
				SWIFT_VERSION = 5.0;
				TARGETED_DEVICE_FAMILY = "1,2";
			};
			name = Debug;
		};
		A00C9E5F2D71AFBD007F7D5B /* Release */ = {
			isa = XCBuildConfiguration;
			buildSettings = {
				ASSETCATALOG_COMPILER_APPICON_NAME = AppIcon;
				ASSETCATALOG_COMPILER_GLOBAL_ACCENT_COLOR_NAME = AccentColor;
				CODE_SIGN_STYLE = Automatic;
				CURRENT_PROJECT_VERSION = 1;
				GENERATE_INFOPLIST_FILE = YES;
				INFOPLIST_FILE = testCoreData/Info.plist;
				INFOPLIST_KEY_UIApplicationSupportsIndirectInputEvents = YES;
				INFOPLIST_KEY_UILaunchStoryboardName = LaunchScreen;
				INFOPLIST_KEY_UIMainStoryboardFile = Main;
				INFOPLIST_KEY_UISupportedInterfaceOrientations_iPad = "UIInterfaceOrientationPortrait UIInterfaceOrientationPortraitUpsideDown UIInterfaceOrientationLandscapeLeft UIInterfaceOrientationLandscapeRight";
				INFOPLIST_KEY_UISupportedInterfaceOrientations_iPhone = "UIInterfaceOrientationPortrait UIInterfaceOrientationLandscapeLeft UIInterfaceOrientationLandscapeRight";
				LD_RUNPATH_SEARCH_PATHS = (
					"$(inherited)",
					"@executable_path/Frameworks",
				);
				MARKETING_VERSION = 1.0;
				PRODUCT_BUNDLE_IDENTIFIER = eduard.testCoreData;
				PRODUCT_NAME = "$(TARGET_NAME)";
				SWIFT_EMIT_LOC_STRINGS = YES;
				SWIFT_VERSION = 5.0;
				TARGETED_DEVICE_FAMILY = "1,2";
			};
			name = Release;
		};
		A00C9E602D71AFBD007F7D5B /* Debug */ = {
			isa = XCBuildConfiguration;
			buildSettings = {
				ALWAYS_SEARCH_USER_PATHS = NO;
				ASSETCATALOG_COMPILER_GENERATE_SWIFT_ASSET_SYMBOL_EXTENSIONS = YES;
				CLANG_ANALYZER_NONNULL = YES;
				CLANG_ANALYZER_NUMBER_OBJECT_CONVERSION = YES_AGGRESSIVE;
				CLANG_CXX_LANGUAGE_STANDARD = "gnu++20";
				CLANG_ENABLE_MODULES = YES;
				CLANG_ENABLE_OBJC_ARC = YES;
				CLANG_ENABLE_OBJC_WEAK = YES;
				CLANG_WARN_BLOCK_CAPTURE_AUTORELEASING = YES;
				CLANG_WARN_BOOL_CONVERSION = YES;
				CLANG_WARN_COMMA = YES;
				CLANG_WARN_CONSTANT_CONVERSION = YES;
				CLANG_WARN_DEPRECATED_OBJC_IMPLEMENTATIONS = YES;
				CLANG_WARN_DIRECT_OBJC_ISA_USAGE = YES_ERROR;
				CLANG_WARN_DOCUMENTATION_COMMENTS = YES;
				CLANG_WARN_EMPTY_BODY = YES;
				CLANG_WARN_ENUM_CONVERSION = YES;
				CLANG_WARN_INFINITE_RECURSION = YES;
				CLANG_WARN_INT_CONVERSION = YES;
				CLANG_WARN_NON_LITERAL_NULL_CONVERSION = YES;
				CLANG_WARN_OBJC_IMPLICIT_RETAIN_SELF = YES;
				CLANG_WARN_OBJC_LITERAL_CONVERSION = YES;
				CLANG_WARN_OBJC_ROOT_CLASS = YES_ERROR;
				CLANG_WARN_QUOTED_INCLUDE_IN_FRAMEWORK_HEADER = YES;
				CLANG_WARN_RANGE_LOOP_ANALYSIS = YES;
				CLANG_WARN_STRICT_PROTOTYPES = YES;
				CLANG_WARN_SUSPICIOUS_MOVE = YES;
				CLANG_WARN_UNGUARDED_AVAILABILITY = YES_AGGRESSIVE;
				CLANG_WARN_UNREACHABLE_CODE = YES;
				CLANG_WARN__DUPLICATE_METHOD_MATCH = YES;
				COPY_PHASE_STRIP = NO;
				DEBUG_INFORMATION_FORMAT = dwarf;
				ENABLE_STRICT_OBJC_MSGSEND = YES;
				ENABLE_TESTABILITY = YES;
				ENABLE_USER_SCRIPT_SANDBOXING = YES;
				GCC_C_LANGUAGE_STANDARD = gnu17;
				GCC_DYNAMIC_NO_PIC = NO;
				GCC_NO_COMMON_BLOCKS = YES;
				GCC_OPTIMIZATION_LEVEL = 0;
				GCC_PREPROCESSOR_DEFINITIONS = (
					"DEBUG=1",
					"$(inherited)",
				);
				GCC_WARN_64_TO_32_BIT_CONVERSION = YES;
				GCC_WARN_ABOUT_RETURN_TYPE = YES_ERROR;
				GCC_WARN_UNDECLARED_SELECTOR = YES;
				GCC_WARN_UNINITIALIZED_AUTOS = YES_AGGRESSIVE;
				GCC_WARN_UNUSED_FUNCTION = YES;
				GCC_WARN_UNUSED_VARIABLE = YES;
				IPHONEOS_DEPLOYMENT_TARGET = 18.2;
				LOCALIZATION_PREFERS_STRING_CATALOGS = YES;
				MTL_ENABLE_DEBUG_INFO = INCLUDE_SOURCE;
				MTL_FAST_MATH = YES;
				ONLY_ACTIVE_ARCH = YES;
				SDKROOT = iphoneos;
				SWIFT_ACTIVE_COMPILATION_CONDITIONS = "DEBUG $(inherited)";
				SWIFT_OPTIMIZATION_LEVEL = "-Onone";
			};
			name = Debug;
		};
		A00C9E612D71AFBD007F7D5B /* Release */ = {
			isa = XCBuildConfiguration;
			buildSettings = {
				ALWAYS_SEARCH_USER_PATHS = NO;
				ASSETCATALOG_COMPILER_GENERATE_SWIFT_ASSET_SYMBOL_EXTENSIONS = YES;
				CLANG_ANALYZER_NONNULL = YES;
				CLANG_ANALYZER_NUMBER_OBJECT_CONVERSION = YES_AGGRESSIVE;
				CLANG_CXX_LANGUAGE_STANDARD = "gnu++20";
				CLANG_ENABLE_MODULES = YES;
				CLANG_ENABLE_OBJC_ARC = YES;
				CLANG_ENABLE_OBJC_WEAK = YES;
				CLANG_WARN_BLOCK_CAPTURE_AUTORELEASING = YES;
				CLANG_WARN_BOOL_CONVERSION = YES;
				CLANG_WARN_COMMA = YES;
				CLANG_WARN_CONSTANT_CONVERSION = YES;
				CLANG_WARN_DEPRECATED_OBJC_IMPLEMENTATIONS = YES;
				CLANG_WARN_DIRECT_OBJC_ISA_USAGE = YES_ERROR;
				CLANG_WARN_DOCUMENTATION_COMMENTS = YES;
				CLANG_WARN_EMPTY_BODY = YES;
				CLANG_WARN_ENUM_CONVERSION = YES;
				CLANG_WARN_INFINITE_RECURSION = YES;
				CLANG_WARN_INT_CONVERSION = YES;
				CLANG_WARN_NON_LITERAL_NULL_CONVERSION = YES;
				CLANG_WARN_OBJC_IMPLICIT_RETAIN_SELF = YES;
				CLANG_WARN_OBJC_LITERAL_CONVERSION = YES;
				CLANG_WARN_OBJC_ROOT_CLASS = YES_ERROR;
				CLANG_WARN_QUOTED_INCLUDE_IN_FRAMEWORK_HEADER = YES;
				CLANG_WARN_RANGE_LOOP_ANALYSIS = YES;
				CLANG_WARN_STRICT_PROTOTYPES = YES;
				CLANG_WARN_SUSPICIOUS_MOVE = YES;
				CLANG_WARN_UNGUARDED_AVAILABILITY = YES_AGGRESSIVE;
				CLANG_WARN_UNREACHABLE_CODE = YES;
				CLANG_WARN__DUPLICATE_METHOD_MATCH = YES;
				COPY_PHASE_STRIP = NO;
				DEBUG_INFORMATION_FORMAT = "dwarf-with-dsym";
				ENABLE_NS_ASSERTIONS = NO;
				ENABLE_STRICT_OBJC_MSGSEND = YES;
				ENABLE_USER_SCRIPT_SANDBOXING = YES;
				GCC_C_LANGUAGE_STANDARD = gnu17;
				GCC_NO_COMMON_BLOCKS = YES;
				GCC_WARN_64_TO_32_BIT_CONVERSION = YES;
				GCC_WARN_ABOUT_RETURN_TYPE = YES_ERROR;
				GCC_WARN_UNDECLARED_SELECTOR = YES;
				GCC_WARN_UNINITIALIZED_AUTOS = YES_AGGRESSIVE;
				GCC_WARN_UNUSED_FUNCTION = YES;
				GCC_WARN_UNUSED_VARIABLE = YES;
				IPHONEOS_DEPLOYMENT_TARGET = 18.2;
				LOCALIZATION_PREFERS_STRING_CATALOGS = YES;
				MTL_ENABLE_DEBUG_INFO = NO;
				MTL_FAST_MATH = YES;
				SDKROOT = iphoneos;
				SWIFT_COMPILATION_MODE = wholemodule;
				VALIDATE_PRODUCT = YES;
			};
			name = Release;
		};
		A00C9E632D71AFBD007F7D5B /* Debug */ = {
			isa = XCBuildConfiguration;
			buildSettings = {
				BUNDLE_LOADER = "$(TEST_HOST)";
				CODE_SIGN_STYLE = Automatic;
				CURRENT_PROJECT_VERSION = 1;
				GENERATE_INFOPLIST_FILE = YES;
				IPHONEOS_DEPLOYMENT_TARGET = 18.2;
				MARKETING_VERSION = 1.0;
				PRODUCT_BUNDLE_IDENTIFIER = eduard.testCoreDataTests;
				PRODUCT_NAME = "$(TARGET_NAME)";
				SWIFT_EMIT_LOC_STRINGS = NO;
				SWIFT_VERSION = 5.0;
				TARGETED_DEVICE_FAMILY = "1,2";
				TEST_HOST = "$(BUILT_PRODUCTS_DIR)/testCoreData.app/$(BUNDLE_EXECUTABLE_FOLDER_PATH)/testCoreData";
			};
			name = Debug;
		};
		A00C9E642D71AFBD007F7D5B /* Release */ = {
			isa = XCBuildConfiguration;
			buildSettings = {
				BUNDLE_LOADER = "$(TEST_HOST)";
				CODE_SIGN_STYLE = Automatic;
				CURRENT_PROJECT_VERSION = 1;
				GENERATE_INFOPLIST_FILE = YES;
				IPHONEOS_DEPLOYMENT_TARGET = 18.2;
				MARKETING_VERSION = 1.0;
				PRODUCT_BUNDLE_IDENTIFIER = eduard.testCoreDataTests;
				PRODUCT_NAME = "$(TARGET_NAME)";
				SWIFT_EMIT_LOC_STRINGS = NO;
				SWIFT_VERSION = 5.0;
				TARGETED_DEVICE_FAMILY = "1,2";
				TEST_HOST = "$(BUILT_PRODUCTS_DIR)/testCoreData.app/$(BUNDLE_EXECUTABLE_FOLDER_PATH)/testCoreData";
			};
			name = Release;
		};
		A00C9E662D71AFBD007F7D5B /* Debug */ = {
			isa = XCBuildConfiguration;
			buildSettings = {
				CODE_SIGN_STYLE = Automatic;
				CURRENT_PROJECT_VERSION = 1;
				GENERATE_INFOPLIST_FILE = YES;
				MARKETING_VERSION = 1.0;
				PRODUCT_BUNDLE_IDENTIFIER = eduard.testCoreDataUITests;
				PRODUCT_NAME = "$(TARGET_NAME)";
				SWIFT_EMIT_LOC_STRINGS = NO;
				SWIFT_VERSION = 5.0;
				TARGETED_DEVICE_FAMILY = "1,2";
				TEST_TARGET_NAME = testCoreData;
			};
			name = Debug;
		};
		A00C9E672D71AFBD007F7D5B /* Release */ = {
			isa = XCBuildConfiguration;
			buildSettings = {
				CODE_SIGN_STYLE = Automatic;
				CURRENT_PROJECT_VERSION = 1;
				GENERATE_INFOPLIST_FILE = YES;
				MARKETING_VERSION = 1.0;
				PRODUCT_BUNDLE_IDENTIFIER = eduard.testCoreDataUITests;
				PRODUCT_NAME = "$(TARGET_NAME)";
				SWIFT_EMIT_LOC_STRINGS = NO;
				SWIFT_VERSION = 5.0;
				TARGETED_DEVICE_FAMILY = "1,2";
				TEST_TARGET_NAME = testCoreData;
			};
			name = Release;
		};
/* End XCBuildConfiguration section */

/* Begin XCConfigurationList section */
		A00C9E2C2D71AFBB007F7D5B /* Build configuration list for PBXProject "testCoreData" */ = {
			isa = XCConfigurationList;
			buildConfigurations = (
				A00C9E602D71AFBD007F7D5B /* Debug */,
				A00C9E612D71AFBD007F7D5B /* Release */,
			);
			defaultConfigurationIsVisible = 0;
			defaultConfigurationName = Release;
		};
		A00C9E5D2D71AFBD007F7D5B /* Build configuration list for PBXNativeTarget "testCoreData" */ = {
			isa = XCConfigurationList;
			buildConfigurations = (
				A00C9E5E2D71AFBD007F7D5B /* Debug */,
				A00C9E5F2D71AFBD007F7D5B /* Release */,
			);
			defaultConfigurationIsVisible = 0;
			defaultConfigurationName = Release;
		};
		A00C9E622D71AFBD007F7D5B /* Build configuration list for PBXNativeTarget "testCoreDataTests" */ = {
			isa = XCConfigurationList;
			buildConfigurations = (
				A00C9E632D71AFBD007F7D5B /* Debug */,
				A00C9E642D71AFBD007F7D5B /* Release */,
			);
			defaultConfigurationIsVisible = 0;
			defaultConfigurationName = Release;
		};
		A00C9E652D71AFBD007F7D5B /* Build configuration list for PBXNativeTarget "testCoreDataUITests" */ = {
			isa = XCConfigurationList;
			buildConfigurations = (
				A00C9E662D71AFBD007F7D5B /* Debug */,
				A00C9E672D71AFBD007F7D5B /* Release */,
			);
			defaultConfigurationIsVisible = 0;
			defaultConfigurationName = Release;
		};
/* End XCConfigurationList section */
	};
	rootObject = A00C9E292D71AFBB007F7D5B /* Project object */;
}
